
Microsoft Visual Studio Solution File, Format Version 11.00
# Visual Studio 2010
Project("{8BC9CEB8-8B4A-11D0-8D11-00A0C91BC942}") = "JCfs", "code\JCfs\JCfs.vcxproj", "{739206EF-09CC-4DA6-BC95-03EA60481048}"
EndProject
Project("{8BC9CEB8-8B4A-11D0-8D11-00A0C91BC942}") = "JCmd", "code\JCmd\JCmd.vcxproj", "{6A6A42C2-BF32-44E3-AEA9-F1E589410E16}"
EndProject
Project("{8BC9CEB8-8B4A-11D0-8D11-00A0C91BC942}") = "JCfsUI", "code\JCfsUI\JCfsUI.vcxproj", "{691376A0-12B8-4117-B59E-7C754466C22C}"
EndProject
Project("{8BC9CEB8-8B4A-11D0-8D11-00A0C91BC942}") = "soui", "..\soui2\SOUI\soui.vcxproj", "{3D23756E-84CD-3E40-8C84-D11585D5203C}"
EndProject
Project("{8BC9CEB8-8B4A-11D0-8D11-00A0C91BC942}") = "JCfsClient", "code\JCfsClient\JCfsClient.vcxproj", "{496DFCC4-A10A-4561-A08D-77DD3BD49C90}"
EndProject
Project("{8BC9CEB8-8B4A-11D0-8D11-00A0C91BC942}") = "JCTray", "code\JCTray\JCTray.vcxproj", "{6D40651E-8C5E-4191-AF86-6BBB0E61D64F}"
EndProject
Project("{8BC9CEB8-8B4A-11D0-8D11-00A0C91BC942}") = "DeskTray", "code\DeskTray\DeskTray.vcxproj", "{26762217-26DA-4C1E-A717-77F7624D997E}"
EndProject
Project("{8BC9CEB8-8B4A-11D0-8D11-00A0C91BC942}") = "update", "code\updata\updata.vcxproj", "{23D88EE7-83CF-4276-BA90-61F8EBC9FEFA}"
EndProject
Project("{8BC9CEB8-8B4A-11D0-8D11-00A0C91BC942}") = "UpdateUI", "code\UpdataUI\UpdataUI.vcxproj", "{188384D5-14F2-4E10-8CDA-75FC300BCD30}"
EndProject
Project("{8BC9CEB8-8B4A-11D0-8D11-00A0C91BC942}") = "render-gdi", "..\soui2\components\render-gdi\render-gdi.vcxproj", "{8EBA4C9D-4FA0-3EC1-B2D6-2D69AE3FEDE7}"
EndProject
Project("{8BC9CEB8-8B4A-11D0-8D11-00A0C91BC942}") = "ShellExt32", "code\shellext\RvdExt32.vcxproj", "{FFD437FD-2607-400A-8D99-4C243EAD8CDE}"
EndProject
Project("{8BC9CEB8-8B4A-11D0-8D11-00A0C91BC942}") = "ShellExt64", "code\shellext\RvdExt64.vcxproj", "{1770D8DA-E065-449B-9FA2-61AF77A75D00}"
EndProject
Project("{8BC9CEB8-8B4A-11D0-8D11-00A0C91BC942}") = "envmgr", "..\msdk\msdk\mscom\envmgr\envmgr.vcxproj", "{ADCCE1AD-E846-462F-94FC-A442CA89E352}"
EndProject
Global
	GlobalSection(SolutionConfigurationPlatforms) = preSolution
		Debug Unicode|Mixed Platforms = Debug Unicode|Mixed Platforms
		Debug Unicode|Win32 = Debug Unicode|Win32
		Debug Unicode|x64 = Debug Unicode|x64
		Debug_ATL|Mixed Platforms = Debug_ATL|Mixed Platforms
		Debug_ATL|Win32 = Debug_ATL|Win32
		Debug_ATL|x64 = Debug_ATL|x64
		Debug_Dll|Mixed Platforms = Debug_Dll|Mixed Platforms
		Debug_Dll|Win32 = Debug_Dll|Win32
		Debug_Dll|x64 = Debug_Dll|x64
		Debug|Mixed Platforms = Debug|Mixed Platforms
		Debug|Win32 = Debug|Win32
		Debug|x64 = Debug|x64
		Debug64|Mixed Platforms = Debug64|Mixed Platforms
		Debug64|Win32 = Debug64|Win32
		Debug64|x64 = Debug64|x64
		DebugMT|Mixed Platforms = DebugMT|Mixed Platforms
		DebugMT|Win32 = DebugMT|Win32
		DebugMT|x64 = DebugMT|x64
		Release MinDependency|Mixed Platforms = Release MinDependency|Mixed Platforms
		Release MinDependency|Win32 = Release MinDependency|Win32
		Release MinDependency|x64 = Release MinDependency|x64
		Release_Dll|Mixed Platforms = Release_Dll|Mixed Platforms
		Release_Dll|Win32 = Release_Dll|Win32
		Release_Dll|x64 = Release_Dll|x64
		Release|Mixed Platforms = Release|Mixed Platforms
		Release|Win32 = Release|Win32
		Release|x64 = Release|x64
		ReleaseMT|Mixed Platforms = ReleaseMT|Mixed Platforms
		ReleaseMT|Win32 = ReleaseMT|Win32
		ReleaseMT|x64 = ReleaseMT|x64
	EndGlobalSection
	GlobalSection(ProjectConfigurationPlatforms) = postSolution
		{739206EF-09CC-4DA6-BC95-03EA60481048}.Debug Unicode|Mixed Platforms.ActiveCfg = Debug|Win32
		{739206EF-09CC-4DA6-BC95-03EA60481048}.Debug Unicode|Mixed Platforms.Build.0 = Debug|Win32
		{739206EF-09CC-4DA6-BC95-03EA60481048}.Debug Unicode|Win32.ActiveCfg = Debug|Win32
		{739206EF-09CC-4DA6-BC95-03EA60481048}.Debug Unicode|Win32.Build.0 = Debug|Win32
		{739206EF-09CC-4DA6-BC95-03EA60481048}.Debug Unicode|x64.ActiveCfg = Debug|Win32
		{739206EF-09CC-4DA6-BC95-03EA60481048}.Debug_ATL|Mixed Platforms.ActiveCfg = Debug|Win32
		{739206EF-09CC-4DA6-BC95-03EA60481048}.Debug_ATL|Mixed Platforms.Build.0 = Debug|Win32
		{739206EF-09CC-4DA6-BC95-03EA60481048}.Debug_ATL|Win32.ActiveCfg = Debug|Win32
		{739206EF-09CC-4DA6-BC95-03EA60481048}.Debug_ATL|Win32.Build.0 = Debug|Win32
		{739206EF-09CC-4DA6-BC95-03EA60481048}.Debug_ATL|x64.ActiveCfg = Debug|Win32
		{739206EF-09CC-4DA6-BC95-03EA60481048}.Debug_Dll|Mixed Platforms.ActiveCfg = Debug|Win32
		{739206EF-09CC-4DA6-BC95-03EA60481048}.Debug_Dll|Mixed Platforms.Build.0 = Debug|Win32
		{739206EF-09CC-4DA6-BC95-03EA60481048}.Debug_Dll|Win32.ActiveCfg = Debug|Win32
		{739206EF-09CC-4DA6-BC95-03EA60481048}.Debug_Dll|Win32.Build.0 = Debug|Win32
		{739206EF-09CC-4DA6-BC95-03EA60481048}.Debug_Dll|x64.ActiveCfg = Debug|Win32
		{739206EF-09CC-4DA6-BC95-03EA60481048}.Debug|Mixed Platforms.ActiveCfg = Debug|Win32
		{739206EF-09CC-4DA6-BC95-03EA60481048}.Debug|Mixed Platforms.Build.0 = Debug|Win32
		{739206EF-09CC-4DA6-BC95-03EA60481048}.Debug|Win32.ActiveCfg = Debug|Win32
		{739206EF-09CC-4DA6-BC95-03EA60481048}.Debug|Win32.Build.0 = Debug|Win32
		{739206EF-09CC-4DA6-BC95-03EA60481048}.Debug|x64.ActiveCfg = Debug|Win32
		{739206EF-09CC-4DA6-BC95-03EA60481048}.Debug64|Mixed Platforms.ActiveCfg = Debug|Win32
		{739206EF-09CC-4DA6-BC95-03EA60481048}.Debug64|Mixed Platforms.Build.0 = Debug|Win32
		{739206EF-09CC-4DA6-BC95-03EA60481048}.Debug64|Win32.ActiveCfg = Debug|Win32
		{739206EF-09CC-4DA6-BC95-03EA60481048}.Debug64|Win32.Build.0 = Debug|Win32
		{739206EF-09CC-4DA6-BC95-03EA60481048}.Debug64|x64.ActiveCfg = Debug|Win32
		{739206EF-09CC-4DA6-BC95-03EA60481048}.DebugMT|Mixed Platforms.ActiveCfg = Debug|Win32
		{739206EF-09CC-4DA6-BC95-03EA60481048}.DebugMT|Mixed Platforms.Build.0 = Debug|Win32
		{739206EF-09CC-4DA6-BC95-03EA60481048}.DebugMT|Win32.ActiveCfg = Debug|Win32
		{739206EF-09CC-4DA6-BC95-03EA60481048}.DebugMT|Win32.Build.0 = Debug|Win32
		{739206EF-09CC-4DA6-BC95-03EA60481048}.DebugMT|x64.ActiveCfg = Debug|Win32
		{739206EF-09CC-4DA6-BC95-03EA60481048}.Release MinDependency|Mixed Platforms.ActiveCfg = Release|Win32
		{739206EF-09CC-4DA6-BC95-03EA60481048}.Release MinDependency|Mixed Platforms.Build.0 = Release|Win32
		{739206EF-09CC-4DA6-BC95-03EA60481048}.Release MinDependency|Win32.ActiveCfg = Release|Win32
		{739206EF-09CC-4DA6-BC95-03EA60481048}.Release MinDependency|Win32.Build.0 = Release|Win32
		{739206EF-09CC-4DA6-BC95-03EA60481048}.Release MinDependency|x64.ActiveCfg = Release|Win32
		{739206EF-09CC-4DA6-BC95-03EA60481048}.Release_Dll|Mixed Platforms.ActiveCfg = Release|Win32
		{739206EF-09CC-4DA6-BC95-03EA60481048}.Release_Dll|Mixed Platforms.Build.0 = Release|Win32
		{739206EF-09CC-4DA6-BC95-03EA60481048}.Release_Dll|Win32.ActiveCfg = Release|Win32
		{739206EF-09CC-4DA6-BC95-03EA60481048}.Release_Dll|Win32.Build.0 = Release|Win32
		{739206EF-09CC-4DA6-BC95-03EA60481048}.Release_Dll|x64.ActiveCfg = Release|Win32
		{739206EF-09CC-4DA6-BC95-03EA60481048}.Release|Mixed Platforms.ActiveCfg = Release|Win32
		{739206EF-09CC-4DA6-BC95-03EA60481048}.Release|Mixed Platforms.Build.0 = Release|Win32
		{739206EF-09CC-4DA6-BC95-03EA60481048}.Release|Win32.ActiveCfg = Release|Win32
		{739206EF-09CC-4DA6-BC95-03EA60481048}.Release|Win32.Build.0 = Release|Win32
		{739206EF-09CC-4DA6-BC95-03EA60481048}.Release|x64.ActiveCfg = Release|Win32
		{739206EF-09CC-4DA6-BC95-03EA60481048}.ReleaseMT|Mixed Platforms.ActiveCfg = Release|Win32
		{739206EF-09CC-4DA6-BC95-03EA60481048}.ReleaseMT|Mixed Platforms.Build.0 = Release|Win32
		{739206EF-09CC-4DA6-BC95-03EA60481048}.ReleaseMT|Win32.ActiveCfg = Release|Win32
		{739206EF-09CC-4DA6-BC95-03EA60481048}.ReleaseMT|Win32.Build.0 = Release|Win32
		{739206EF-09CC-4DA6-BC95-03EA60481048}.ReleaseMT|x64.ActiveCfg = Release|Win32
		{6A6A42C2-BF32-44E3-AEA9-F1E589410E16}.Debug Unicode|Mixed Platforms.ActiveCfg = Debug|Win32
		{6A6A42C2-BF32-44E3-AEA9-F1E589410E16}.Debug Unicode|Mixed Platforms.Build.0 = Debug|Win32
		{6A6A42C2-BF32-44E3-AEA9-F1E589410E16}.Debug Unicode|Win32.ActiveCfg = Debug|Win32
		{6A6A42C2-BF32-44E3-AEA9-F1E589410E16}.Debug Unicode|Win32.Build.0 = Debug|Win32
		{6A6A42C2-BF32-44E3-AEA9-F1E589410E16}.Debug Unicode|x64.ActiveCfg = Debug|Win32
		{6A6A42C2-BF32-44E3-AEA9-F1E589410E16}.Debug_ATL|Mixed Platforms.ActiveCfg = Debug|Win32
		{6A6A42C2-BF32-44E3-AEA9-F1E589410E16}.Debug_ATL|Mixed Platforms.Build.0 = Debug|Win32
		{6A6A42C2-BF32-44E3-AEA9-F1E589410E16}.Debug_ATL|Win32.ActiveCfg = Debug|Win32
		{6A6A42C2-BF32-44E3-AEA9-F1E589410E16}.Debug_ATL|Win32.Build.0 = Debug|Win32
		{6A6A42C2-BF32-44E3-AEA9-F1E589410E16}.Debug_ATL|x64.ActiveCfg = Debug|Win32
		{6A6A42C2-BF32-44E3-AEA9-F1E589410E16}.Debug_Dll|Mixed Platforms.ActiveCfg = Debug|Win32
		{6A6A42C2-BF32-44E3-AEA9-F1E589410E16}.Debug_Dll|Mixed Platforms.Build.0 = Debug|Win32
		{6A6A42C2-BF32-44E3-AEA9-F1E589410E16}.Debug_Dll|Win32.ActiveCfg = Debug|Win32
		{6A6A42C2-BF32-44E3-AEA9-F1E589410E16}.Debug_Dll|Win32.Build.0 = Debug|Win32
		{6A6A42C2-BF32-44E3-AEA9-F1E589410E16}.Debug_Dll|x64.ActiveCfg = Debug|Win32
		{6A6A42C2-BF32-44E3-AEA9-F1E589410E16}.Debug|Mixed Platforms.ActiveCfg = Debug|Win32
		{6A6A42C2-BF32-44E3-AEA9-F1E589410E16}.Debug|Mixed Platforms.Build.0 = Debug|Win32
		{6A6A42C2-BF32-44E3-AEA9-F1E589410E16}.Debug|Win32.ActiveCfg = Debug|Win32
		{6A6A42C2-BF32-44E3-AEA9-F1E589410E16}.Debug|Win32.Build.0 = Debug|Win32
		{6A6A42C2-BF32-44E3-AEA9-F1E589410E16}.Debug|x64.ActiveCfg = Debug|Win32
		{6A6A42C2-BF32-44E3-AEA9-F1E589410E16}.Debug64|Mixed Platforms.ActiveCfg = Debug|Win32
		{6A6A42C2-BF32-44E3-AEA9-F1E589410E16}.Debug64|Mixed Platforms.Build.0 = Debug|Win32
		{6A6A42C2-BF32-44E3-AEA9-F1E589410E16}.Debug64|Win32.ActiveCfg = Debug|Win32
		{6A6A42C2-BF32-44E3-AEA9-F1E589410E16}.Debug64|Win32.Build.0 = Debug|Win32
		{6A6A42C2-BF32-44E3-AEA9-F1E589410E16}.Debug64|x64.ActiveCfg = Debug|Win32
		{6A6A42C2-BF32-44E3-AEA9-F1E589410E16}.DebugMT|Mixed Platforms.ActiveCfg = Debug|Win32
		{6A6A42C2-BF32-44E3-AEA9-F1E589410E16}.DebugMT|Mixed Platforms.Build.0 = Debug|Win32
		{6A6A42C2-BF32-44E3-AEA9-F1E589410E16}.DebugMT|Win32.ActiveCfg = Debug|Win32
		{6A6A42C2-BF32-44E3-AEA9-F1E589410E16}.DebugMT|Win32.Build.0 = Debug|Win32
		{6A6A42C2-BF32-44E3-AEA9-F1E589410E16}.DebugMT|x64.ActiveCfg = Debug|Win32
		{6A6A42C2-BF32-44E3-AEA9-F1E589410E16}.Release MinDependency|Mixed Platforms.ActiveCfg = Release|Win32
		{6A6A42C2-BF32-44E3-AEA9-F1E589410E16}.Release MinDependency|Mixed Platforms.Build.0 = Release|Win32
		{6A6A42C2-BF32-44E3-AEA9-F1E589410E16}.Release MinDependency|Win32.ActiveCfg = Release|Win32
		{6A6A42C2-BF32-44E3-AEA9-F1E589410E16}.Release MinDependency|Win32.Build.0 = Release|Win32
		{6A6A42C2-BF32-44E3-AEA9-F1E589410E16}.Release MinDependency|x64.ActiveCfg = Release|Win32
		{6A6A42C2-BF32-44E3-AEA9-F1E589410E16}.Release_Dll|Mixed Platforms.ActiveCfg = Release|Win32
		{6A6A42C2-BF32-44E3-AEA9-F1E589410E16}.Release_Dll|Mixed Platforms.Build.0 = Release|Win32
		{6A6A42C2-BF32-44E3-AEA9-F1E589410E16}.Release_Dll|Win32.ActiveCfg = Release|Win32
		{6A6A42C2-BF32-44E3-AEA9-F1E589410E16}.Release_Dll|Win32.Build.0 = Release|Win32
		{6A6A42C2-BF32-44E3-AEA9-F1E589410E16}.Release_Dll|x64.ActiveCfg = Release|Win32
		{6A6A42C2-BF32-44E3-AEA9-F1E589410E16}.Release|Mixed Platforms.ActiveCfg = Release|Win32
		{6A6A42C2-BF32-44E3-AEA9-F1E589410E16}.Release|Mixed Platforms.Build.0 = Release|Win32
		{6A6A42C2-BF32-44E3-AEA9-F1E589410E16}.Release|Win32.ActiveCfg = Release|Win32
		{6A6A42C2-BF32-44E3-AEA9-F1E589410E16}.Release|Win32.Build.0 = Release|Win32
		{6A6A42C2-BF32-44E3-AEA9-F1E589410E16}.Release|x64.ActiveCfg = Release|Win32
		{6A6A42C2-BF32-44E3-AEA9-F1E589410E16}.ReleaseMT|Mixed Platforms.ActiveCfg = Release|Win32
		{6A6A42C2-BF32-44E3-AEA9-F1E589410E16}.ReleaseMT|Mixed Platforms.Build.0 = Release|Win32
		{6A6A42C2-BF32-44E3-AEA9-F1E589410E16}.ReleaseMT|Win32.ActiveCfg = Release|Win32
		{6A6A42C2-BF32-44E3-AEA9-F1E589410E16}.ReleaseMT|Win32.Build.0 = Release|Win32
		{6A6A42C2-BF32-44E3-AEA9-F1E589410E16}.ReleaseMT|x64.ActiveCfg = Release|Win32
		{691376A0-12B8-4117-B59E-7C754466C22C}.Debug Unicode|Mixed Platforms.ActiveCfg = Debug|Win32
		{691376A0-12B8-4117-B59E-7C754466C22C}.Debug Unicode|Mixed Platforms.Build.0 = Debug|Win32
		{691376A0-12B8-4117-B59E-7C754466C22C}.Debug Unicode|Win32.ActiveCfg = Debug|Win32
		{691376A0-12B8-4117-B59E-7C754466C22C}.Debug Unicode|Win32.Build.0 = Debug|Win32
		{691376A0-12B8-4117-B59E-7C754466C22C}.Debug Unicode|x64.ActiveCfg = Debug|Win32
		{691376A0-12B8-4117-B59E-7C754466C22C}.Debug_ATL|Mixed Platforms.ActiveCfg = Debug|Win32
		{691376A0-12B8-4117-B59E-7C754466C22C}.Debug_ATL|Mixed Platforms.Build.0 = Debug|Win32
		{691376A0-12B8-4117-B59E-7C754466C22C}.Debug_ATL|Win32.ActiveCfg = Debug|Win32
		{691376A0-12B8-4117-B59E-7C754466C22C}.Debug_ATL|Win32.Build.0 = Debug|Win32
		{691376A0-12B8-4117-B59E-7C754466C22C}.Debug_ATL|x64.ActiveCfg = Debug|Win32
		{691376A0-12B8-4117-B59E-7C754466C22C}.Debug_Dll|Mixed Platforms.ActiveCfg = Debug|Win32
		{691376A0-12B8-4117-B59E-7C754466C22C}.Debug_Dll|Mixed Platforms.Build.0 = Debug|Win32
		{691376A0-12B8-4117-B59E-7C754466C22C}.Debug_Dll|Win32.ActiveCfg = Debug|Win32
		{691376A0-12B8-4117-B59E-7C754466C22C}.Debug_Dll|Win32.Build.0 = Debug|Win32
		{691376A0-12B8-4117-B59E-7C754466C22C}.Debug_Dll|x64.ActiveCfg = Debug|Win32
		{691376A0-12B8-4117-B59E-7C754466C22C}.Debug|Mixed Platforms.ActiveCfg = Debug|Win32
		{691376A0-12B8-4117-B59E-7C754466C22C}.Debug|Mixed Platforms.Build.0 = Debug|Win32
		{691376A0-12B8-4117-B59E-7C754466C22C}.Debug|Win32.ActiveCfg = Debug|Win32
		{691376A0-12B8-4117-B59E-7C754466C22C}.Debug|Win32.Build.0 = Debug|Win32
		{691376A0-12B8-4117-B59E-7C754466C22C}.Debug|x64.ActiveCfg = Debug|Win32
		{691376A0-12B8-4117-B59E-7C754466C22C}.Debug64|Mixed Platforms.ActiveCfg = Debug|Win32
		{691376A0-12B8-4117-B59E-7C754466C22C}.Debug64|Mixed Platforms.Build.0 = Debug|Win32
		{691376A0-12B8-4117-B59E-7C754466C22C}.Debug64|Win32.ActiveCfg = Debug|Win32
		{691376A0-12B8-4117-B59E-7C754466C22C}.Debug64|Win32.Build.0 = Debug|Win32
		{691376A0-12B8-4117-B59E-7C754466C22C}.Debug64|x64.ActiveCfg = Debug|Win32
		{691376A0-12B8-4117-B59E-7C754466C22C}.DebugMT|Mixed Platforms.ActiveCfg = Debug|Win32
		{691376A0-12B8-4117-B59E-7C754466C22C}.DebugMT|Mixed Platforms.Build.0 = Debug|Win32
		{691376A0-12B8-4117-B59E-7C754466C22C}.DebugMT|Win32.ActiveCfg = Debug|Win32
		{691376A0-12B8-4117-B59E-7C754466C22C}.DebugMT|Win32.Build.0 = Debug|Win32
		{691376A0-12B8-4117-B59E-7C754466C22C}.DebugMT|x64.ActiveCfg = Debug|Win32
		{691376A0-12B8-4117-B59E-7C754466C22C}.Release MinDependency|Mixed Platforms.ActiveCfg = Release|Win32
		{691376A0-12B8-4117-B59E-7C754466C22C}.Release MinDependency|Mixed Platforms.Build.0 = Release|Win32
		{691376A0-12B8-4117-B59E-7C754466C22C}.Release MinDependency|Win32.ActiveCfg = Release|Win32
		{691376A0-12B8-4117-B59E-7C754466C22C}.Release MinDependency|Win32.Build.0 = Release|Win32
		{691376A0-12B8-4117-B59E-7C754466C22C}.Release MinDependency|x64.ActiveCfg = Release|Win32
		{691376A0-12B8-4117-B59E-7C754466C22C}.Release_Dll|Mixed Platforms.ActiveCfg = Release|Win32
		{691376A0-12B8-4117-B59E-7C754466C22C}.Release_Dll|Mixed Platforms.Build.0 = Release|Win32
		{691376A0-12B8-4117-B59E-7C754466C22C}.Release_Dll|Win32.ActiveCfg = Release|Win32
		{691376A0-12B8-4117-B59E-7C754466C22C}.Release_Dll|Win32.Build.0 = Release|Win32
		{691376A0-12B8-4117-B59E-7C754466C22C}.Release_Dll|x64.ActiveCfg = Release|Win32
		{691376A0-12B8-4117-B59E-7C754466C22C}.Release|Mixed Platforms.ActiveCfg = Release|Win32
		{691376A0-12B8-4117-B59E-7C754466C22C}.Release|Mixed Platforms.Build.0 = Release|Win32
		{691376A0-12B8-4117-B59E-7C754466C22C}.Release|Win32.ActiveCfg = Release|Win32
		{691376A0-12B8-4117-B59E-7C754466C22C}.Release|Win32.Build.0 = Release|Win32
		{691376A0-12B8-4117-B59E-7C754466C22C}.Release|x64.ActiveCfg = Release|Win32
		{691376A0-12B8-4117-B59E-7C754466C22C}.ReleaseMT|Mixed Platforms.ActiveCfg = Release|Win32
		{691376A0-12B8-4117-B59E-7C754466C22C}.ReleaseMT|Mixed Platforms.Build.0 = Release|Win32
		{691376A0-12B8-4117-B59E-7C754466C22C}.ReleaseMT|Win32.ActiveCfg = Release|Win32
		{691376A0-12B8-4117-B59E-7C754466C22C}.ReleaseMT|Win32.Build.0 = Release|Win32
		{691376A0-12B8-4117-B59E-7C754466C22C}.ReleaseMT|x64.ActiveCfg = Release|Win32
		{3D23756E-84CD-3E40-8C84-D11585D5203C}.Debug Unicode|Mixed Platforms.ActiveCfg = Debug|Win32
		{3D23756E-84CD-3E40-8C84-D11585D5203C}.Debug Unicode|Mixed Platforms.Build.0 = Debug|Win32
		{3D23756E-84CD-3E40-8C84-D11585D5203C}.Debug Unicode|Win32.ActiveCfg = Debug|Win32
		{3D23756E-84CD-3E40-8C84-D11585D5203C}.Debug Unicode|Win32.Build.0 = Debug|Win32
		{3D23756E-84CD-3E40-8C84-D11585D5203C}.Debug Unicode|x64.ActiveCfg = Debug|Win32
		{3D23756E-84CD-3E40-8C84-D11585D5203C}.Debug_ATL|Mixed Platforms.ActiveCfg = Debug|Win32
		{3D23756E-84CD-3E40-8C84-D11585D5203C}.Debug_ATL|Mixed Platforms.Build.0 = Debug|Win32
		{3D23756E-84CD-3E40-8C84-D11585D5203C}.Debug_ATL|Win32.ActiveCfg = Debug|Win32
		{3D23756E-84CD-3E40-8C84-D11585D5203C}.Debug_ATL|Win32.Build.0 = Debug|Win32
		{3D23756E-84CD-3E40-8C84-D11585D5203C}.Debug_ATL|x64.ActiveCfg = Debug|Win32
		{3D23756E-84CD-3E40-8C84-D11585D5203C}.Debug_Dll|Mixed Platforms.ActiveCfg = Debug|Win32
		{3D23756E-84CD-3E40-8C84-D11585D5203C}.Debug_Dll|Mixed Platforms.Build.0 = Debug|Win32
		{3D23756E-84CD-3E40-8C84-D11585D5203C}.Debug_Dll|Win32.ActiveCfg = Debug|Win32
		{3D23756E-84CD-3E40-8C84-D11585D5203C}.Debug_Dll|Win32.Build.0 = Debug|Win32
		{3D23756E-84CD-3E40-8C84-D11585D5203C}.Debug_Dll|x64.ActiveCfg = Debug|Win32
		{3D23756E-84CD-3E40-8C84-D11585D5203C}.Debug|Mixed Platforms.ActiveCfg = Debug|Win32
		{3D23756E-84CD-3E40-8C84-D11585D5203C}.Debug|Mixed Platforms.Build.0 = Debug|Win32
		{3D23756E-84CD-3E40-8C84-D11585D5203C}.Debug|Win32.ActiveCfg = Debug|Win32
		{3D23756E-84CD-3E40-8C84-D11585D5203C}.Debug|Win32.Build.0 = Debug|Win32
		{3D23756E-84CD-3E40-8C84-D11585D5203C}.Debug|x64.ActiveCfg = Debug|Win32
		{3D23756E-84CD-3E40-8C84-D11585D5203C}.Debug64|Mixed Platforms.ActiveCfg = Debug|Win32
		{3D23756E-84CD-3E40-8C84-D11585D5203C}.Debug64|Mixed Platforms.Build.0 = Debug|Win32
		{3D23756E-84CD-3E40-8C84-D11585D5203C}.Debug64|Win32.ActiveCfg = Debug|Win32
		{3D23756E-84CD-3E40-8C84-D11585D5203C}.Debug64|Win32.Build.0 = Debug|Win32
		{3D23756E-84CD-3E40-8C84-D11585D5203C}.Debug64|x64.ActiveCfg = Debug|Win32
		{3D23756E-84CD-3E40-8C84-D11585D5203C}.DebugMT|Mixed Platforms.ActiveCfg = Debug|Win32
		{3D23756E-84CD-3E40-8C84-D11585D5203C}.DebugMT|Mixed Platforms.Build.0 = Debug|Win32
		{3D23756E-84CD-3E40-8C84-D11585D5203C}.DebugMT|Win32.ActiveCfg = Debug|Win32
		{3D23756E-84CD-3E40-8C84-D11585D5203C}.DebugMT|Win32.Build.0 = Debug|Win32
		{3D23756E-84CD-3E40-8C84-D11585D5203C}.DebugMT|x64.ActiveCfg = Debug|Win32
		{3D23756E-84CD-3E40-8C84-D11585D5203C}.Release MinDependency|Mixed Platforms.ActiveCfg = Release|Win32
		{3D23756E-84CD-3E40-8C84-D11585D5203C}.Release MinDependency|Mixed Platforms.Build.0 = Release|Win32
		{3D23756E-84CD-3E40-8C84-D11585D5203C}.Release MinDependency|Win32.ActiveCfg = Release|Win32
		{3D23756E-84CD-3E40-8C84-D11585D5203C}.Release MinDependency|Win32.Build.0 = Release|Win32
		{3D23756E-84CD-3E40-8C84-D11585D5203C}.Release MinDependency|x64.ActiveCfg = Release|Win32
		{3D23756E-84CD-3E40-8C84-D11585D5203C}.Release_Dll|Mixed Platforms.ActiveCfg = Release|Win32
		{3D23756E-84CD-3E40-8C84-D11585D5203C}.Release_Dll|Mixed Platforms.Build.0 = Release|Win32
		{3D23756E-84CD-3E40-8C84-D11585D5203C}.Release_Dll|Win32.ActiveCfg = Release|Win32
		{3D23756E-84CD-3E40-8C84-D11585D5203C}.Release_Dll|Win32.Build.0 = Release|Win32
		{3D23756E-84CD-3E40-8C84-D11585D5203C}.Release_Dll|x64.ActiveCfg = Release|Win32
		{3D23756E-84CD-3E40-8C84-D11585D5203C}.Release|Mixed Platforms.ActiveCfg = Release|Win32
		{3D23756E-84CD-3E40-8C84-D11585D5203C}.Release|Mixed Platforms.Build.0 = Release|Win32
		{3D23756E-84CD-3E40-8C84-D11585D5203C}.Release|Win32.ActiveCfg = Release|Win32
		{3D23756E-84CD-3E40-8C84-D11585D5203C}.Release|Win32.Build.0 = Release|Win32
		{3D23756E-84CD-3E40-8C84-D11585D5203C}.Release|x64.ActiveCfg = Release|Win32
		{3D23756E-84CD-3E40-8C84-D11585D5203C}.ReleaseMT|Mixed Platforms.ActiveCfg = Release|Win32
		{3D23756E-84CD-3E40-8C84-D11585D5203C}.ReleaseMT|Mixed Platforms.Build.0 = Release|Win32
		{3D23756E-84CD-3E40-8C84-D11585D5203C}.ReleaseMT|Win32.ActiveCfg = Release|Win32
		{3D23756E-84CD-3E40-8C84-D11585D5203C}.ReleaseMT|Win32.Build.0 = Release|Win32
		{3D23756E-84CD-3E40-8C84-D11585D5203C}.ReleaseMT|x64.ActiveCfg = Release|Win32
		{496DFCC4-A10A-4561-A08D-77DD3BD49C90}.Debug Unicode|Mixed Platforms.ActiveCfg = Debug|Win32
		{496DFCC4-A10A-4561-A08D-77DD3BD49C90}.Debug Unicode|Mixed Platforms.Build.0 = Debug|Win32
		{496DFCC4-A10A-4561-A08D-77DD3BD49C90}.Debug Unicode|Win32.ActiveCfg = Debug|Win32
		{496DFCC4-A10A-4561-A08D-77DD3BD49C90}.Debug Unicode|Win32.Build.0 = Debug|Win32
		{496DFCC4-A10A-4561-A08D-77DD3BD49C90}.Debug Unicode|x64.ActiveCfg = Debug|Win32
		{496DFCC4-A10A-4561-A08D-77DD3BD49C90}.Debug_ATL|Mixed Platforms.ActiveCfg = Debug|Win32
		{496DFCC4-A10A-4561-A08D-77DD3BD49C90}.Debug_ATL|Mixed Platforms.Build.0 = Debug|Win32
		{496DFCC4-A10A-4561-A08D-77DD3BD49C90}.Debug_ATL|Win32.ActiveCfg = Debug|Win32
		{496DFCC4-A10A-4561-A08D-77DD3BD49C90}.Debug_ATL|Win32.Build.0 = Debug|Win32
		{496DFCC4-A10A-4561-A08D-77DD3BD49C90}.Debug_ATL|x64.ActiveCfg = Debug|Win32
		{496DFCC4-A10A-4561-A08D-77DD3BD49C90}.Debug_Dll|Mixed Platforms.ActiveCfg = Debug|Win32
		{496DFCC4-A10A-4561-A08D-77DD3BD49C90}.Debug_Dll|Mixed Platforms.Build.0 = Debug|Win32
		{496DFCC4-A10A-4561-A08D-77DD3BD49C90}.Debug_Dll|Win32.ActiveCfg = Debug|Win32
		{496DFCC4-A10A-4561-A08D-77DD3BD49C90}.Debug_Dll|Win32.Build.0 = Debug|Win32
		{496DFCC4-A10A-4561-A08D-77DD3BD49C90}.Debug_Dll|x64.ActiveCfg = Debug|Win32
		{496DFCC4-A10A-4561-A08D-77DD3BD49C90}.Debug|Mixed Platforms.ActiveCfg = Debug|Win32
		{496DFCC4-A10A-4561-A08D-77DD3BD49C90}.Debug|Mixed Platforms.Build.0 = Debug|Win32
		{496DFCC4-A10A-4561-A08D-77DD3BD49C90}.Debug|Win32.ActiveCfg = Debug|Win32
		{496DFCC4-A10A-4561-A08D-77DD3BD49C90}.Debug|Win32.Build.0 = Debug|Win32
		{496DFCC4-A10A-4561-A08D-77DD3BD49C90}.Debug|x64.ActiveCfg = Debug|Win32
		{496DFCC4-A10A-4561-A08D-77DD3BD49C90}.Debug64|Mixed Platforms.ActiveCfg = Debug|Win32
		{496DFCC4-A10A-4561-A08D-77DD3BD49C90}.Debug64|Mixed Platforms.Build.0 = Debug|Win32
		{496DFCC4-A10A-4561-A08D-77DD3BD49C90}.Debug64|Win32.ActiveCfg = Debug|Win32
		{496DFCC4-A10A-4561-A08D-77DD3BD49C90}.Debug64|Win32.Build.0 = Debug|Win32
		{496DFCC4-A10A-4561-A08D-77DD3BD49C90}.Debug64|x64.ActiveCfg = Debug|Win32
		{496DFCC4-A10A-4561-A08D-77DD3BD49C90}.DebugMT|Mixed Platforms.ActiveCfg = Debug|Win32
		{496DFCC4-A10A-4561-A08D-77DD3BD49C90}.DebugMT|Mixed Platforms.Build.0 = Debug|Win32
		{496DFCC4-A10A-4561-A08D-77DD3BD49C90}.DebugMT|Win32.ActiveCfg = Debug|Win32
		{496DFCC4-A10A-4561-A08D-77DD3BD49C90}.DebugMT|Win32.Build.0 = Debug|Win32
		{496DFCC4-A10A-4561-A08D-77DD3BD49C90}.DebugMT|x64.ActiveCfg = Debug|Win32
		{496DFCC4-A10A-4561-A08D-77DD3BD49C90}.Release MinDependency|Mixed Platforms.ActiveCfg = Release|Win32
		{496DFCC4-A10A-4561-A08D-77DD3BD49C90}.Release MinDependency|Mixed Platforms.Build.0 = Release|Win32
		{496DFCC4-A10A-4561-A08D-77DD3BD49C90}.Release MinDependency|Win32.ActiveCfg = Release|Win32
		{496DFCC4-A10A-4561-A08D-77DD3BD49C90}.Release MinDependency|Win32.Build.0 = Release|Win32
		{496DFCC4-A10A-4561-A08D-77DD3BD49C90}.Release MinDependency|x64.ActiveCfg = Release|Win32
		{496DFCC4-A10A-4561-A08D-77DD3BD49C90}.Release_Dll|Mixed Platforms.ActiveCfg = Release|Win32
		{496DFCC4-A10A-4561-A08D-77DD3BD49C90}.Release_Dll|Mixed Platforms.Build.0 = Release|Win32
		{496DFCC4-A10A-4561-A08D-77DD3BD49C90}.Release_Dll|Win32.ActiveCfg = Release|Win32
		{496DFCC4-A10A-4561-A08D-77DD3BD49C90}.Release_Dll|Win32.Build.0 = Release|Win32
		{496DFCC4-A10A-4561-A08D-77DD3BD49C90}.Release_Dll|x64.ActiveCfg = Release|Win32
		{496DFCC4-A10A-4561-A08D-77DD3BD49C90}.Release|Mixed Platforms.ActiveCfg = Release|Win32
		{496DFCC4-A10A-4561-A08D-77DD3BD49C90}.Release|Mixed Platforms.Build.0 = Release|Win32
		{496DFCC4-A10A-4561-A08D-77DD3BD49C90}.Release|Win32.ActiveCfg = Release|Win32
		{496DFCC4-A10A-4561-A08D-77DD3BD49C90}.Release|Win32.Build.0 = Release|Win32
		{496DFCC4-A10A-4561-A08D-77DD3BD49C90}.Release|x64.ActiveCfg = Release|Win32
		{496DFCC4-A10A-4561-A08D-77DD3BD49C90}.ReleaseMT|Mixed Platforms.ActiveCfg = Release|Win32
		{496DFCC4-A10A-4561-A08D-77DD3BD49C90}.ReleaseMT|Mixed Platforms.Build.0 = Release|Win32
		{496DFCC4-A10A-4561-A08D-77DD3BD49C90}.ReleaseMT|Win32.ActiveCfg = Release|Win32
		{496DFCC4-A10A-4561-A08D-77DD3BD49C90}.ReleaseMT|Win32.Build.0 = Release|Win32
		{496DFCC4-A10A-4561-A08D-77DD3BD49C90}.ReleaseMT|x64.ActiveCfg = Release|Win32
		{6D40651E-8C5E-4191-AF86-6BBB0E61D64F}.Debug Unicode|Mixed Platforms.ActiveCfg = Debug|Win32
		{6D40651E-8C5E-4191-AF86-6BBB0E61D64F}.Debug Unicode|Mixed Platforms.Build.0 = Debug|Win32
		{6D40651E-8C5E-4191-AF86-6BBB0E61D64F}.Debug Unicode|Win32.ActiveCfg = Debug|Win32
		{6D40651E-8C5E-4191-AF86-6BBB0E61D64F}.Debug Unicode|Win32.Build.0 = Debug|Win32
		{6D40651E-8C5E-4191-AF86-6BBB0E61D64F}.Debug Unicode|x64.ActiveCfg = Debug|Win32
		{6D40651E-8C5E-4191-AF86-6BBB0E61D64F}.Debug_ATL|Mixed Platforms.ActiveCfg = Debug|Win32
		{6D40651E-8C5E-4191-AF86-6BBB0E61D64F}.Debug_ATL|Mixed Platforms.Build.0 = Debug|Win32
		{6D40651E-8C5E-4191-AF86-6BBB0E61D64F}.Debug_ATL|Win32.ActiveCfg = Debug|Win32
		{6D40651E-8C5E-4191-AF86-6BBB0E61D64F}.Debug_ATL|Win32.Build.0 = Debug|Win32
		{6D40651E-8C5E-4191-AF86-6BBB0E61D64F}.Debug_ATL|x64.ActiveCfg = Debug|Win32
		{6D40651E-8C5E-4191-AF86-6BBB0E61D64F}.Debug_Dll|Mixed Platforms.ActiveCfg = Debug|Win32
		{6D40651E-8C5E-4191-AF86-6BBB0E61D64F}.Debug_Dll|Mixed Platforms.Build.0 = Debug|Win32
		{6D40651E-8C5E-4191-AF86-6BBB0E61D64F}.Debug_Dll|Win32.ActiveCfg = Debug|Win32
		{6D40651E-8C5E-4191-AF86-6BBB0E61D64F}.Debug_Dll|Win32.Build.0 = Debug|Win32
		{6D40651E-8C5E-4191-AF86-6BBB0E61D64F}.Debug_Dll|x64.ActiveCfg = Debug|Win32
		{6D40651E-8C5E-4191-AF86-6BBB0E61D64F}.Debug|Mixed Platforms.ActiveCfg = Debug|Win32
		{6D40651E-8C5E-4191-AF86-6BBB0E61D64F}.Debug|Mixed Platforms.Build.0 = Debug|Win32
		{6D40651E-8C5E-4191-AF86-6BBB0E61D64F}.Debug|Win32.ActiveCfg = Debug|Win32
		{6D40651E-8C5E-4191-AF86-6BBB0E61D64F}.Debug|Win32.Build.0 = Debug|Win32
		{6D40651E-8C5E-4191-AF86-6BBB0E61D64F}.Debug|x64.ActiveCfg = Debug|Win32
		{6D40651E-8C5E-4191-AF86-6BBB0E61D64F}.Debug64|Mixed Platforms.ActiveCfg = Debug|Win32
		{6D40651E-8C5E-4191-AF86-6BBB0E61D64F}.Debug64|Mixed Platforms.Build.0 = Debug|Win32
		{6D40651E-8C5E-4191-AF86-6BBB0E61D64F}.Debug64|Win32.ActiveCfg = Debug|Win32
		{6D40651E-8C5E-4191-AF86-6BBB0E61D64F}.Debug64|Win32.Build.0 = Debug|Win32
		{6D40651E-8C5E-4191-AF86-6BBB0E61D64F}.Debug64|x64.ActiveCfg = Debug|Win32
		{6D40651E-8C5E-4191-AF86-6BBB0E61D64F}.DebugMT|Mixed Platforms.ActiveCfg = Debug|Win32
		{6D40651E-8C5E-4191-AF86-6BBB0E61D64F}.DebugMT|Mixed Platforms.Build.0 = Debug|Win32
		{6D40651E-8C5E-4191-AF86-6BBB0E61D64F}.DebugMT|Win32.ActiveCfg = Debug|Win32
		{6D40651E-8C5E-4191-AF86-6BBB0E61D64F}.DebugMT|Win32.Build.0 = Debug|Win32
		{6D40651E-8C5E-4191-AF86-6BBB0E61D64F}.DebugMT|x64.ActiveCfg = Debug|Win32
		{6D40651E-8C5E-4191-AF86-6BBB0E61D64F}.Release MinDependency|Mixed Platforms.ActiveCfg = Release|Win32
		{6D40651E-8C5E-4191-AF86-6BBB0E61D64F}.Release MinDependency|Mixed Platforms.Build.0 = Release|Win32
		{6D40651E-8C5E-4191-AF86-6BBB0E61D64F}.Release MinDependency|Win32.ActiveCfg = Release|Win32
		{6D40651E-8C5E-4191-AF86-6BBB0E61D64F}.Release MinDependency|Win32.Build.0 = Release|Win32
		{6D40651E-8C5E-4191-AF86-6BBB0E61D64F}.Release MinDependency|x64.ActiveCfg = Release|Win32
		{6D40651E-8C5E-4191-AF86-6BBB0E61D64F}.Release_Dll|Mixed Platforms.ActiveCfg = Release|Win32
		{6D40651E-8C5E-4191-AF86-6BBB0E61D64F}.Release_Dll|Mixed Platforms.Build.0 = Release|Win32
		{6D40651E-8C5E-4191-AF86-6BBB0E61D64F}.Release_Dll|Win32.ActiveCfg = Release|Win32
		{6D40651E-8C5E-4191-AF86-6BBB0E61D64F}.Release_Dll|Win32.Build.0 = Release|Win32
		{6D40651E-8C5E-4191-AF86-6BBB0E61D64F}.Release_Dll|x64.ActiveCfg = Release|Win32
		{6D40651E-8C5E-4191-AF86-6BBB0E61D64F}.Release|Mixed Platforms.ActiveCfg = Release|Win32
		{6D40651E-8C5E-4191-AF86-6BBB0E61D64F}.Release|Mixed Platforms.Build.0 = Release|Win32
		{6D40651E-8C5E-4191-AF86-6BBB0E61D64F}.Release|Win32.ActiveCfg = Release|Win32
		{6D40651E-8C5E-4191-AF86-6BBB0E61D64F}.Release|Win32.Build.0 = Release|Win32
		{6D40651E-8C5E-4191-AF86-6BBB0E61D64F}.Release|x64.ActiveCfg = Release|Win32
		{6D40651E-8C5E-4191-AF86-6BBB0E61D64F}.ReleaseMT|Mixed Platforms.ActiveCfg = Release|Win32
		{6D40651E-8C5E-4191-AF86-6BBB0E61D64F}.ReleaseMT|Mixed Platforms.Build.0 = Release|Win32
		{6D40651E-8C5E-4191-AF86-6BBB0E61D64F}.ReleaseMT|Win32.ActiveCfg = Release|Win32
		{6D40651E-8C5E-4191-AF86-6BBB0E61D64F}.ReleaseMT|Win32.Build.0 = Release|Win32
		{6D40651E-8C5E-4191-AF86-6BBB0E61D64F}.ReleaseMT|x64.ActiveCfg = Release|Win32
		{26762217-26DA-4C1E-A717-77F7624D997E}.Debug Unicode|Mixed Platforms.ActiveCfg = Debug|Win32
		{26762217-26DA-4C1E-A717-77F7624D997E}.Debug Unicode|Mixed Platforms.Build.0 = Debug|Win32
		{26762217-26DA-4C1E-A717-77F7624D997E}.Debug Unicode|Win32.ActiveCfg = Debug|Win32
		{26762217-26DA-4C1E-A717-77F7624D997E}.Debug Unicode|Win32.Build.0 = Debug|Win32
		{26762217-26DA-4C1E-A717-77F7624D997E}.Debug Unicode|x64.ActiveCfg = Debug|Win32
		{26762217-26DA-4C1E-A717-77F7624D997E}.Debug_ATL|Mixed Platforms.ActiveCfg = Debug|Win32
		{26762217-26DA-4C1E-A717-77F7624D997E}.Debug_ATL|Mixed Platforms.Build.0 = Debug|Win32
		{26762217-26DA-4C1E-A717-77F7624D997E}.Debug_ATL|Win32.ActiveCfg = Debug|Win32
		{26762217-26DA-4C1E-A717-77F7624D997E}.Debug_ATL|Win32.Build.0 = Debug|Win32
		{26762217-26DA-4C1E-A717-77F7624D997E}.Debug_ATL|x64.ActiveCfg = Debug|Win32
		{26762217-26DA-4C1E-A717-77F7624D997E}.Debug_Dll|Mixed Platforms.ActiveCfg = Debug|Win32
		{26762217-26DA-4C1E-A717-77F7624D997E}.Debug_Dll|Mixed Platforms.Build.0 = Debug|Win32
		{26762217-26DA-4C1E-A717-77F7624D997E}.Debug_Dll|Win32.ActiveCfg = Debug|Win32
		{26762217-26DA-4C1E-A717-77F7624D997E}.Debug_Dll|Win32.Build.0 = Debug|Win32
		{26762217-26DA-4C1E-A717-77F7624D997E}.Debug_Dll|x64.ActiveCfg = Debug|Win32
		{26762217-26DA-4C1E-A717-77F7624D997E}.Debug|Mixed Platforms.ActiveCfg = Debug|Win32
		{26762217-26DA-4C1E-A717-77F7624D997E}.Debug|Mixed Platforms.Build.0 = Debug|Win32
		{26762217-26DA-4C1E-A717-77F7624D997E}.Debug|Win32.ActiveCfg = Debug|Win32
		{26762217-26DA-4C1E-A717-77F7624D997E}.Debug|Win32.Build.0 = Debug|Win32
		{26762217-26DA-4C1E-A717-77F7624D997E}.Debug|x64.ActiveCfg = Debug|Win32
		{26762217-26DA-4C1E-A717-77F7624D997E}.Debug64|Mixed Platforms.ActiveCfg = Debug|Win32
		{26762217-26DA-4C1E-A717-77F7624D997E}.Debug64|Mixed Platforms.Build.0 = Debug|Win32
		{26762217-26DA-4C1E-A717-77F7624D997E}.Debug64|Win32.ActiveCfg = Debug|Win32
		{26762217-26DA-4C1E-A717-77F7624D997E}.Debug64|Win32.Build.0 = Debug|Win32
		{26762217-26DA-4C1E-A717-77F7624D997E}.Debug64|x64.ActiveCfg = Debug|Win32
		{26762217-26DA-4C1E-A717-77F7624D997E}.DebugMT|Mixed Platforms.ActiveCfg = Debug|Win32
		{26762217-26DA-4C1E-A717-77F7624D997E}.DebugMT|Mixed Platforms.Build.0 = Debug|Win32
		{26762217-26DA-4C1E-A717-77F7624D997E}.DebugMT|Win32.ActiveCfg = Debug|Win32
		{26762217-26DA-4C1E-A717-77F7624D997E}.DebugMT|Win32.Build.0 = Debug|Win32
		{26762217-26DA-4C1E-A717-77F7624D997E}.DebugMT|x64.ActiveCfg = Debug|Win32
		{26762217-26DA-4C1E-A717-77F7624D997E}.Release MinDependency|Mixed Platforms.ActiveCfg = Release|Win32
		{26762217-26DA-4C1E-A717-77F7624D997E}.Release MinDependency|Mixed Platforms.Build.0 = Release|Win32
		{26762217-26DA-4C1E-A717-77F7624D997E}.Release MinDependency|Win32.ActiveCfg = Release|Win32
		{26762217-26DA-4C1E-A717-77F7624D997E}.Release MinDependency|Win32.Build.0 = Release|Win32
		{26762217-26DA-4C1E-A717-77F7624D997E}.Release MinDependency|x64.ActiveCfg = Release|Win32
		{26762217-26DA-4C1E-A717-77F7624D997E}.Release_Dll|Mixed Platforms.ActiveCfg = Release|Win32
		{26762217-26DA-4C1E-A717-77F7624D997E}.Release_Dll|Mixed Platforms.Build.0 = Release|Win32
		{26762217-26DA-4C1E-A717-77F7624D997E}.Release_Dll|Win32.ActiveCfg = Release|Win32
		{26762217-26DA-4C1E-A717-77F7624D997E}.Release_Dll|Win32.Build.0 = Release|Win32
		{26762217-26DA-4C1E-A717-77F7624D997E}.Release_Dll|x64.ActiveCfg = Release|Win32
		{26762217-26DA-4C1E-A717-77F7624D997E}.Release|Mixed Platforms.ActiveCfg = Release|Win32
		{26762217-26DA-4C1E-A717-77F7624D997E}.Release|Mixed Platforms.Build.0 = Release|Win32
		{26762217-26DA-4C1E-A717-77F7624D997E}.Release|Win32.ActiveCfg = Release|Win32
		{26762217-26DA-4C1E-A717-77F7624D997E}.Release|Win32.Build.0 = Release|Win32
		{26762217-26DA-4C1E-A717-77F7624D997E}.Release|x64.ActiveCfg = Release|Win32
		{26762217-26DA-4C1E-A717-77F7624D997E}.ReleaseMT|Mixed Platforms.ActiveCfg = Release|Win32
		{26762217-26DA-4C1E-A717-77F7624D997E}.ReleaseMT|Mixed Platforms.Build.0 = Release|Win32
		{26762217-26DA-4C1E-A717-77F7624D997E}.ReleaseMT|Win32.ActiveCfg = Release|Win32
		{26762217-26DA-4C1E-A717-77F7624D997E}.ReleaseMT|Win32.Build.0 = Release|Win32
		{26762217-26DA-4C1E-A717-77F7624D997E}.ReleaseMT|x64.ActiveCfg = Release|Win32
		{23D88EE7-83CF-4276-BA90-61F8EBC9FEFA}.Debug Unicode|Mixed Platforms.ActiveCfg = Debug|Win32
		{23D88EE7-83CF-4276-BA90-61F8EBC9FEFA}.Debug Unicode|Mixed Platforms.Build.0 = Debug|Win32
		{23D88EE7-83CF-4276-BA90-61F8EBC9FEFA}.Debug Unicode|Win32.ActiveCfg = Debug|Win32
		{23D88EE7-83CF-4276-BA90-61F8EBC9FEFA}.Debug Unicode|Win32.Build.0 = Debug|Win32
		{23D88EE7-83CF-4276-BA90-61F8EBC9FEFA}.Debug Unicode|x64.ActiveCfg = Debug|Win32
		{23D88EE7-83CF-4276-BA90-61F8EBC9FEFA}.Debug_ATL|Mixed Platforms.ActiveCfg = Debug|Win32
		{23D88EE7-83CF-4276-BA90-61F8EBC9FEFA}.Debug_ATL|Mixed Platforms.Build.0 = Debug|Win32
		{23D88EE7-83CF-4276-BA90-61F8EBC9FEFA}.Debug_ATL|Win32.ActiveCfg = Debug|Win32
		{23D88EE7-83CF-4276-BA90-61F8EBC9FEFA}.Debug_ATL|Win32.Build.0 = Debug|Win32
		{23D88EE7-83CF-4276-BA90-61F8EBC9FEFA}.Debug_ATL|x64.ActiveCfg = Debug|Win32
		{23D88EE7-83CF-4276-BA90-61F8EBC9FEFA}.Debug_Dll|Mixed Platforms.ActiveCfg = Debug|Win32
		{23D88EE7-83CF-4276-BA90-61F8EBC9FEFA}.Debug_Dll|Mixed Platforms.Build.0 = Debug|Win32
		{23D88EE7-83CF-4276-BA90-61F8EBC9FEFA}.Debug_Dll|Win32.ActiveCfg = Debug|Win32
		{23D88EE7-83CF-4276-BA90-61F8EBC9FEFA}.Debug_Dll|Win32.Build.0 = Debug|Win32
		{23D88EE7-83CF-4276-BA90-61F8EBC9FEFA}.Debug_Dll|x64.ActiveCfg = Debug|Win32
		{23D88EE7-83CF-4276-BA90-61F8EBC9FEFA}.Debug|Mixed Platforms.ActiveCfg = Debug|Win32
		{23D88EE7-83CF-4276-BA90-61F8EBC9FEFA}.Debug|Mixed Platforms.Build.0 = Debug|Win32
		{23D88EE7-83CF-4276-BA90-61F8EBC9FEFA}.Debug|Win32.ActiveCfg = Debug|Win32
		{23D88EE7-83CF-4276-BA90-61F8EBC9FEFA}.Debug|Win32.Build.0 = Debug|Win32
		{23D88EE7-83CF-4276-BA90-61F8EBC9FEFA}.Debug|x64.ActiveCfg = Debug|Win32
		{23D88EE7-83CF-4276-BA90-61F8EBC9FEFA}.Debug64|Mixed Platforms.ActiveCfg = Debug|Win32
		{23D88EE7-83CF-4276-BA90-61F8EBC9FEFA}.Debug64|Mixed Platforms.Build.0 = Debug|Win32
		{23D88EE7-83CF-4276-BA90-61F8EBC9FEFA}.Debug64|Win32.ActiveCfg = Debug|Win32
		{23D88EE7-83CF-4276-BA90-61F8EBC9FEFA}.Debug64|Win32.Build.0 = Debug|Win32
		{23D88EE7-83CF-4276-BA90-61F8EBC9FEFA}.Debug64|x64.ActiveCfg = Debug|Win32
		{23D88EE7-83CF-4276-BA90-61F8EBC9FEFA}.DebugMT|Mixed Platforms.ActiveCfg = Debug|Win32
		{23D88EE7-83CF-4276-BA90-61F8EBC9FEFA}.DebugMT|Mixed Platforms.Build.0 = Debug|Win32
		{23D88EE7-83CF-4276-BA90-61F8EBC9FEFA}.DebugMT|Win32.ActiveCfg = Debug|Win32
		{23D88EE7-83CF-4276-BA90-61F8EBC9FEFA}.DebugMT|Win32.Build.0 = Debug|Win32
		{23D88EE7-83CF-4276-BA90-61F8EBC9FEFA}.DebugMT|x64.ActiveCfg = Debug|Win32
		{23D88EE7-83CF-4276-BA90-61F8EBC9FEFA}.Release MinDependency|Mixed Platforms.ActiveCfg = Release|Win32
		{23D88EE7-83CF-4276-BA90-61F8EBC9FEFA}.Release MinDependency|Mixed Platforms.Build.0 = Release|Win32
		{23D88EE7-83CF-4276-BA90-61F8EBC9FEFA}.Release MinDependency|Win32.ActiveCfg = Release|Win32
		{23D88EE7-83CF-4276-BA90-61F8EBC9FEFA}.Release MinDependency|Win32.Build.0 = Release|Win32
		{23D88EE7-83CF-4276-BA90-61F8EBC9FEFA}.Release MinDependency|x64.ActiveCfg = Release|Win32
		{23D88EE7-83CF-4276-BA90-61F8EBC9FEFA}.Release_Dll|Mixed Platforms.ActiveCfg = Release|Win32
		{23D88EE7-83CF-4276-BA90-61F8EBC9FEFA}.Release_Dll|Mixed Platforms.Build.0 = Release|Win32
		{23D88EE7-83CF-4276-BA90-61F8EBC9FEFA}.Release_Dll|Win32.ActiveCfg = Release|Win32
		{23D88EE7-83CF-4276-BA90-61F8EBC9FEFA}.Release_Dll|Win32.Build.0 = Release|Win32
		{23D88EE7-83CF-4276-BA90-61F8EBC9FEFA}.Release_Dll|x64.ActiveCfg = Release|Win32
		{23D88EE7-83CF-4276-BA90-61F8EBC9FEFA}.Release|Mixed Platforms.ActiveCfg = Release|Win32
		{23D88EE7-83CF-4276-BA90-61F8EBC9FEFA}.Release|Mixed Platforms.Build.0 = Release|Win32
		{23D88EE7-83CF-4276-BA90-61F8EBC9FEFA}.Release|Win32.ActiveCfg = Release|Win32
		{23D88EE7-83CF-4276-BA90-61F8EBC9FEFA}.Release|Win32.Build.0 = Release|Win32
		{23D88EE7-83CF-4276-BA90-61F8EBC9FEFA}.Release|x64.ActiveCfg = Release|Win32
		{23D88EE7-83CF-4276-BA90-61F8EBC9FEFA}.ReleaseMT|Mixed Platforms.ActiveCfg = Release|Win32
		{23D88EE7-83CF-4276-BA90-61F8EBC9FEFA}.ReleaseMT|Mixed Platforms.Build.0 = Release|Win32
		{23D88EE7-83CF-4276-BA90-61F8EBC9FEFA}.ReleaseMT|Win32.ActiveCfg = Release|Win32
		{23D88EE7-83CF-4276-BA90-61F8EBC9FEFA}.ReleaseMT|Win32.Build.0 = Release|Win32
		{23D88EE7-83CF-4276-BA90-61F8EBC9FEFA}.ReleaseMT|x64.ActiveCfg = Release|Win32
		{188384D5-14F2-4E10-8CDA-75FC300BCD30}.Debug Unicode|Mixed Platforms.ActiveCfg = Debug|Win32
		{188384D5-14F2-4E10-8CDA-75FC300BCD30}.Debug Unicode|Mixed Platforms.Build.0 = Debug|Win32
		{188384D5-14F2-4E10-8CDA-75FC300BCD30}.Debug Unicode|Win32.ActiveCfg = Debug|Win32
		{188384D5-14F2-4E10-8CDA-75FC300BCD30}.Debug Unicode|Win32.Build.0 = Debug|Win32
		{188384D5-14F2-4E10-8CDA-75FC300BCD30}.Debug Unicode|x64.ActiveCfg = Debug|Win32
		{188384D5-14F2-4E10-8CDA-75FC300BCD30}.Debug_ATL|Mixed Platforms.ActiveCfg = Debug|Win32
		{188384D5-14F2-4E10-8CDA-75FC300BCD30}.Debug_ATL|Mixed Platforms.Build.0 = Debug|Win32
		{188384D5-14F2-4E10-8CDA-75FC300BCD30}.Debug_ATL|Win32.ActiveCfg = Debug|Win32
		{188384D5-14F2-4E10-8CDA-75FC300BCD30}.Debug_ATL|Win32.Build.0 = Debug|Win32
		{188384D5-14F2-4E10-8CDA-75FC300BCD30}.Debug_ATL|x64.ActiveCfg = Debug|Win32
		{188384D5-14F2-4E10-8CDA-75FC300BCD30}.Debug_Dll|Mixed Platforms.ActiveCfg = Debug|Win32
		{188384D5-14F2-4E10-8CDA-75FC300BCD30}.Debug_Dll|Mixed Platforms.Build.0 = Debug|Win32
		{188384D5-14F2-4E10-8CDA-75FC300BCD30}.Debug_Dll|Win32.ActiveCfg = Debug|Win32
		{188384D5-14F2-4E10-8CDA-75FC300BCD30}.Debug_Dll|Win32.Build.0 = Debug|Win32
		{188384D5-14F2-4E10-8CDA-75FC300BCD30}.Debug_Dll|x64.ActiveCfg = Debug|Win32
		{188384D5-14F2-4E10-8CDA-75FC300BCD30}.Debug|Mixed Platforms.ActiveCfg = Debug|Win32
		{188384D5-14F2-4E10-8CDA-75FC300BCD30}.Debug|Mixed Platforms.Build.0 = Debug|Win32
		{188384D5-14F2-4E10-8CDA-75FC300BCD30}.Debug|Win32.ActiveCfg = Debug|Win32
		{188384D5-14F2-4E10-8CDA-75FC300BCD30}.Debug|Win32.Build.0 = Debug|Win32
		{188384D5-14F2-4E10-8CDA-75FC300BCD30}.Debug|x64.ActiveCfg = Debug|Win32
		{188384D5-14F2-4E10-8CDA-75FC300BCD30}.Debug64|Mixed Platforms.ActiveCfg = Debug|Win32
		{188384D5-14F2-4E10-8CDA-75FC300BCD30}.Debug64|Mixed Platforms.Build.0 = Debug|Win32
		{188384D5-14F2-4E10-8CDA-75FC300BCD30}.Debug64|Win32.ActiveCfg = Debug|Win32
		{188384D5-14F2-4E10-8CDA-75FC300BCD30}.Debug64|Win32.Build.0 = Debug|Win32
		{188384D5-14F2-4E10-8CDA-75FC300BCD30}.Debug64|x64.ActiveCfg = Debug|Win32
		{188384D5-14F2-4E10-8CDA-75FC300BCD30}.DebugMT|Mixed Platforms.ActiveCfg = Debug|Win32
		{188384D5-14F2-4E10-8CDA-75FC300BCD30}.DebugMT|Mixed Platforms.Build.0 = Debug|Win32
		{188384D5-14F2-4E10-8CDA-75FC300BCD30}.DebugMT|Win32.ActiveCfg = Debug|Win32
		{188384D5-14F2-4E10-8CDA-75FC300BCD30}.DebugMT|Win32.Build.0 = Debug|Win32
		{188384D5-14F2-4E10-8CDA-75FC300BCD30}.DebugMT|x64.ActiveCfg = Debug|Win32
		{188384D5-14F2-4E10-8CDA-75FC300BCD30}.Release MinDependency|Mixed Platforms.ActiveCfg = Release|Win32
		{188384D5-14F2-4E10-8CDA-75FC300BCD30}.Release MinDependency|Mixed Platforms.Build.0 = Release|Win32
		{188384D5-14F2-4E10-8CDA-75FC300BCD30}.Release MinDependency|Win32.ActiveCfg = Release|Win32
		{188384D5-14F2-4E10-8CDA-75FC300BCD30}.Release MinDependency|Win32.Build.0 = Release|Win32
		{188384D5-14F2-4E10-8CDA-75FC300BCD30}.Release MinDependency|x64.ActiveCfg = Release|Win32
		{188384D5-14F2-4E10-8CDA-75FC300BCD30}.Release_Dll|Mixed Platforms.ActiveCfg = Release|Win32
		{188384D5-14F2-4E10-8CDA-75FC300BCD30}.Release_Dll|Mixed Platforms.Build.0 = Release|Win32
		{188384D5-14F2-4E10-8CDA-75FC300BCD30}.Release_Dll|Win32.ActiveCfg = Release|Win32
		{188384D5-14F2-4E10-8CDA-75FC300BCD30}.Release_Dll|Win32.Build.0 = Release|Win32
		{188384D5-14F2-4E10-8CDA-75FC300BCD30}.Release_Dll|x64.ActiveCfg = Release|Win32
		{188384D5-14F2-4E10-8CDA-75FC300BCD30}.Release|Mixed Platforms.ActiveCfg = Release|Win32
		{188384D5-14F2-4E10-8CDA-75FC300BCD30}.Release|Mixed Platforms.Build.0 = Release|Win32
		{188384D5-14F2-4E10-8CDA-75FC300BCD30}.Release|Win32.ActiveCfg = Release|Win32
		{188384D5-14F2-4E10-8CDA-75FC300BCD30}.Release|Win32.Build.0 = Release|Win32
		{188384D5-14F2-4E10-8CDA-75FC300BCD30}.Release|x64.ActiveCfg = Release|Win32
		{188384D5-14F2-4E10-8CDA-75FC300BCD30}.ReleaseMT|Mixed Platforms.ActiveCfg = Release|Win32
		{188384D5-14F2-4E10-8CDA-75FC300BCD30}.ReleaseMT|Mixed Platforms.Build.0 = Release|Win32
		{188384D5-14F2-4E10-8CDA-75FC300BCD30}.ReleaseMT|Win32.ActiveCfg = Release|Win32
		{188384D5-14F2-4E10-8CDA-75FC300BCD30}.ReleaseMT|Win32.Build.0 = Release|Win32
		{188384D5-14F2-4E10-8CDA-75FC300BCD30}.ReleaseMT|x64.ActiveCfg = Release|Win32
		{8EBA4C9D-4FA0-3EC1-B2D6-2D69AE3FEDE7}.Debug Unicode|Mixed Platforms.ActiveCfg = Debug|Win32
		{8EBA4C9D-4FA0-3EC1-B2D6-2D69AE3FEDE7}.Debug Unicode|Mixed Platforms.Build.0 = Debug|Win32
		{8EBA4C9D-4FA0-3EC1-B2D6-2D69AE3FEDE7}.Debug Unicode|Win32.ActiveCfg = Debug|Win32
		{8EBA4C9D-4FA0-3EC1-B2D6-2D69AE3FEDE7}.Debug Unicode|Win32.Build.0 = Debug|Win32
		{8EBA4C9D-4FA0-3EC1-B2D6-2D69AE3FEDE7}.Debug Unicode|x64.ActiveCfg = Debug|Win32
		{8EBA4C9D-4FA0-3EC1-B2D6-2D69AE3FEDE7}.Debug_ATL|Mixed Platforms.ActiveCfg = Debug|Win32
		{8EBA4C9D-4FA0-3EC1-B2D6-2D69AE3FEDE7}.Debug_ATL|Mixed Platforms.Build.0 = Debug|Win32
		{8EBA4C9D-4FA0-3EC1-B2D6-2D69AE3FEDE7}.Debug_ATL|Win32.ActiveCfg = Debug|Win32
		{8EBA4C9D-4FA0-3EC1-B2D6-2D69AE3FEDE7}.Debug_ATL|Win32.Build.0 = Debug|Win32
		{8EBA4C9D-4FA0-3EC1-B2D6-2D69AE3FEDE7}.Debug_ATL|x64.ActiveCfg = Debug|Win32
		{8EBA4C9D-4FA0-3EC1-B2D6-2D69AE3FEDE7}.Debug_Dll|Mixed Platforms.ActiveCfg = Debug|Win32
		{8EBA4C9D-4FA0-3EC1-B2D6-2D69AE3FEDE7}.Debug_Dll|Mixed Platforms.Build.0 = Debug|Win32
		{8EBA4C9D-4FA0-3EC1-B2D6-2D69AE3FEDE7}.Debug_Dll|Win32.ActiveCfg = Debug|Win32
		{8EBA4C9D-4FA0-3EC1-B2D6-2D69AE3FEDE7}.Debug_Dll|Win32.Build.0 = Debug|Win32
		{8EBA4C9D-4FA0-3EC1-B2D6-2D69AE3FEDE7}.Debug_Dll|x64.ActiveCfg = Debug|Win32
		{8EBA4C9D-4FA0-3EC1-B2D6-2D69AE3FEDE7}.Debug|Mixed Platforms.ActiveCfg = Debug|Win32
		{8EBA4C9D-4FA0-3EC1-B2D6-2D69AE3FEDE7}.Debug|Mixed Platforms.Build.0 = Debug|Win32
		{8EBA4C9D-4FA0-3EC1-B2D6-2D69AE3FEDE7}.Debug|Win32.ActiveCfg = Debug|Win32
		{8EBA4C9D-4FA0-3EC1-B2D6-2D69AE3FEDE7}.Debug|Win32.Build.0 = Debug|Win32
		{8EBA4C9D-4FA0-3EC1-B2D6-2D69AE3FEDE7}.Debug|x64.ActiveCfg = Debug|Win32
		{8EBA4C9D-4FA0-3EC1-B2D6-2D69AE3FEDE7}.Debug64|Mixed Platforms.ActiveCfg = Debug|Win32
		{8EBA4C9D-4FA0-3EC1-B2D6-2D69AE3FEDE7}.Debug64|Mixed Platforms.Build.0 = Debug|Win32
		{8EBA4C9D-4FA0-3EC1-B2D6-2D69AE3FEDE7}.Debug64|Win32.ActiveCfg = Debug|Win32
		{8EBA4C9D-4FA0-3EC1-B2D6-2D69AE3FEDE7}.Debug64|Win32.Build.0 = Debug|Win32
		{8EBA4C9D-4FA0-3EC1-B2D6-2D69AE3FEDE7}.Debug64|x64.ActiveCfg = Debug|Win32
		{8EBA4C9D-4FA0-3EC1-B2D6-2D69AE3FEDE7}.DebugMT|Mixed Platforms.ActiveCfg = Debug|Win32
		{8EBA4C9D-4FA0-3EC1-B2D6-2D69AE3FEDE7}.DebugMT|Mixed Platforms.Build.0 = Debug|Win32
		{8EBA4C9D-4FA0-3EC1-B2D6-2D69AE3FEDE7}.DebugMT|Win32.ActiveCfg = Debug|Win32
		{8EBA4C9D-4FA0-3EC1-B2D6-2D69AE3FEDE7}.DebugMT|Win32.Build.0 = Debug|Win32
		{8EBA4C9D-4FA0-3EC1-B2D6-2D69AE3FEDE7}.DebugMT|x64.ActiveCfg = Debug|Win32
		{8EBA4C9D-4FA0-3EC1-B2D6-2D69AE3FEDE7}.Release MinDependency|Mixed Platforms.ActiveCfg = Release|Win32
		{8EBA4C9D-4FA0-3EC1-B2D6-2D69AE3FEDE7}.Release MinDependency|Mixed Platforms.Build.0 = Release|Win32
		{8EBA4C9D-4FA0-3EC1-B2D6-2D69AE3FEDE7}.Release MinDependency|Win32.ActiveCfg = Release|Win32
		{8EBA4C9D-4FA0-3EC1-B2D6-2D69AE3FEDE7}.Release MinDependency|Win32.Build.0 = Release|Win32
		{8EBA4C9D-4FA0-3EC1-B2D6-2D69AE3FEDE7}.Release MinDependency|x64.ActiveCfg = Release|Win32
		{8EBA4C9D-4FA0-3EC1-B2D6-2D69AE3FEDE7}.Release_Dll|Mixed Platforms.ActiveCfg = Release|Win32
		{8EBA4C9D-4FA0-3EC1-B2D6-2D69AE3FEDE7}.Release_Dll|Mixed Platforms.Build.0 = Release|Win32
		{8EBA4C9D-4FA0-3EC1-B2D6-2D69AE3FEDE7}.Release_Dll|Win32.ActiveCfg = Release|Win32
		{8EBA4C9D-4FA0-3EC1-B2D6-2D69AE3FEDE7}.Release_Dll|Win32.Build.0 = Release|Win32
		{8EBA4C9D-4FA0-3EC1-B2D6-2D69AE3FEDE7}.Release_Dll|x64.ActiveCfg = Release|Win32
		{8EBA4C9D-4FA0-3EC1-B2D6-2D69AE3FEDE7}.Release|Mixed Platforms.ActiveCfg = Release|Win32
		{8EBA4C9D-4FA0-3EC1-B2D6-2D69AE3FEDE7}.Release|Mixed Platforms.Build.0 = Release|Win32
		{8EBA4C9D-4FA0-3EC1-B2D6-2D69AE3FEDE7}.Release|Win32.ActiveCfg = Release|Win32
		{8EBA4C9D-4FA0-3EC1-B2D6-2D69AE3FEDE7}.Release|Win32.Build.0 = Release|Win32
		{8EBA4C9D-4FA0-3EC1-B2D6-2D69AE3FEDE7}.Release|x64.ActiveCfg = Release|Win32
		{8EBA4C9D-4FA0-3EC1-B2D6-2D69AE3FEDE7}.ReleaseMT|Mixed Platforms.ActiveCfg = Release|Win32
		{8EBA4C9D-4FA0-3EC1-B2D6-2D69AE3FEDE7}.ReleaseMT|Mixed Platforms.Build.0 = Release|Win32
		{8EBA4C9D-4FA0-3EC1-B2D6-2D69AE3FEDE7}.ReleaseMT|Win32.ActiveCfg = Release|Win32
		{8EBA4C9D-4FA0-3EC1-B2D6-2D69AE3FEDE7}.ReleaseMT|Win32.Build.0 = Release|Win32
		{8EBA4C9D-4FA0-3EC1-B2D6-2D69AE3FEDE7}.ReleaseMT|x64.ActiveCfg = Release|Win32
		{FFD437FD-2607-400A-8D99-4C243EAD8CDE}.Debug Unicode|Mixed Platforms.ActiveCfg = Debug|Win32
		{FFD437FD-2607-400A-8D99-4C243EAD8CDE}.Debug Unicode|Mixed Platforms.Build.0 = Debug|Win32
		{FFD437FD-2607-400A-8D99-4C243EAD8CDE}.Debug Unicode|Win32.ActiveCfg = Debug|Win32
		{FFD437FD-2607-400A-8D99-4C243EAD8CDE}.Debug Unicode|Win32.Build.0 = Debug|Win32
		{FFD437FD-2607-400A-8D99-4C243EAD8CDE}.Debug Unicode|x64.ActiveCfg = Debug|Win32
		{FFD437FD-2607-400A-8D99-4C243EAD8CDE}.Debug_ATL|Mixed Platforms.ActiveCfg = Debug|Win32
		{FFD437FD-2607-400A-8D99-4C243EAD8CDE}.Debug_ATL|Mixed Platforms.Build.0 = Debug|Win32
		{FFD437FD-2607-400A-8D99-4C243EAD8CDE}.Debug_ATL|Win32.ActiveCfg = Debug|Win32
		{FFD437FD-2607-400A-8D99-4C243EAD8CDE}.Debug_ATL|Win32.Build.0 = Debug|Win32
		{FFD437FD-2607-400A-8D99-4C243EAD8CDE}.Debug_ATL|x64.ActiveCfg = Debug|Win32
		{FFD437FD-2607-400A-8D99-4C243EAD8CDE}.Debug_Dll|Mixed Platforms.ActiveCfg = Debug|Win32
		{FFD437FD-2607-400A-8D99-4C243EAD8CDE}.Debug_Dll|Mixed Platforms.Build.0 = Debug|Win32
		{FFD437FD-2607-400A-8D99-4C243EAD8CDE}.Debug_Dll|Win32.ActiveCfg = Debug|Win32
		{FFD437FD-2607-400A-8D99-4C243EAD8CDE}.Debug_Dll|Win32.Build.0 = Debug|Win32
		{FFD437FD-2607-400A-8D99-4C243EAD8CDE}.Debug_Dll|x64.ActiveCfg = Debug|Win32
		{FFD437FD-2607-400A-8D99-4C243EAD8CDE}.Debug|Mixed Platforms.ActiveCfg = Debug|Win32
		{FFD437FD-2607-400A-8D99-4C243EAD8CDE}.Debug|Mixed Platforms.Build.0 = Debug|Win32
		{FFD437FD-2607-400A-8D99-4C243EAD8CDE}.Debug|Win32.ActiveCfg = Debug|Win32
		{FFD437FD-2607-400A-8D99-4C243EAD8CDE}.Debug|Win32.Build.0 = Debug|Win32
		{FFD437FD-2607-400A-8D99-4C243EAD8CDE}.Debug|x64.ActiveCfg = Debug|Win32
		{FFD437FD-2607-400A-8D99-4C243EAD8CDE}.Debug64|Mixed Platforms.ActiveCfg = Debug|Win32
		{FFD437FD-2607-400A-8D99-4C243EAD8CDE}.Debug64|Mixed Platforms.Build.0 = Debug|Win32
		{FFD437FD-2607-400A-8D99-4C243EAD8CDE}.Debug64|Win32.ActiveCfg = Debug|Win32
		{FFD437FD-2607-400A-8D99-4C243EAD8CDE}.Debug64|Win32.Build.0 = Debug|Win32
		{FFD437FD-2607-400A-8D99-4C243EAD8CDE}.Debug64|x64.ActiveCfg = Debug|Win32
		{FFD437FD-2607-400A-8D99-4C243EAD8CDE}.DebugMT|Mixed Platforms.ActiveCfg = Debug|Win32
		{FFD437FD-2607-400A-8D99-4C243EAD8CDE}.DebugMT|Mixed Platforms.Build.0 = Debug|Win32
		{FFD437FD-2607-400A-8D99-4C243EAD8CDE}.DebugMT|Win32.ActiveCfg = Debug|Win32
		{FFD437FD-2607-400A-8D99-4C243EAD8CDE}.DebugMT|Win32.Build.0 = Debug|Win32
		{FFD437FD-2607-400A-8D99-4C243EAD8CDE}.DebugMT|x64.ActiveCfg = Debug|Win32
		{FFD437FD-2607-400A-8D99-4C243EAD8CDE}.Release MinDependency|Mixed Platforms.ActiveCfg = Release MinDependency|Win32
		{FFD437FD-2607-400A-8D99-4C243EAD8CDE}.Release MinDependency|Mixed Platforms.Build.0 = Release MinDependency|Win32
		{FFD437FD-2607-400A-8D99-4C243EAD8CDE}.Release MinDependency|Win32.ActiveCfg = Release MinDependency|Win32
		{FFD437FD-2607-400A-8D99-4C243EAD8CDE}.Release MinDependency|Win32.Build.0 = Release MinDependency|Win32
		{FFD437FD-2607-400A-8D99-4C243EAD8CDE}.Release MinDependency|x64.ActiveCfg = Release MinDependency|Win32
		{FFD437FD-2607-400A-8D99-4C243EAD8CDE}.Release_Dll|Mixed Platforms.ActiveCfg = Release MinDependency|Win32
		{FFD437FD-2607-400A-8D99-4C243EAD8CDE}.Release_Dll|Mixed Platforms.Build.0 = Release MinDependency|Win32
		{FFD437FD-2607-400A-8D99-4C243EAD8CDE}.Release_Dll|Win32.ActiveCfg = Release MinDependency|Win32
		{FFD437FD-2607-400A-8D99-4C243EAD8CDE}.Release_Dll|Win32.Build.0 = Release MinDependency|Win32
		{FFD437FD-2607-400A-8D99-4C243EAD8CDE}.Release_Dll|x64.ActiveCfg = Release MinDependency|Win32
		{FFD437FD-2607-400A-8D99-4C243EAD8CDE}.Release|Mixed Platforms.ActiveCfg = Release MinDependency|Win32
		{FFD437FD-2607-400A-8D99-4C243EAD8CDE}.Release|Mixed Platforms.Build.0 = Release MinDependency|Win32
		{FFD437FD-2607-400A-8D99-4C243EAD8CDE}.Release|Win32.ActiveCfg = Release MinDependency|Win32
		{FFD437FD-2607-400A-8D99-4C243EAD8CDE}.Release|Win32.Build.0 = Release MinDependency|Win32
		{FFD437FD-2607-400A-8D99-4C243EAD8CDE}.Release|x64.ActiveCfg = Release MinDependency|Win32
		{FFD437FD-2607-400A-8D99-4C243EAD8CDE}.ReleaseMT|Mixed Platforms.ActiveCfg = Release MinDependency|Win32
		{FFD437FD-2607-400A-8D99-4C243EAD8CDE}.ReleaseMT|Mixed Platforms.Build.0 = Release MinDependency|Win32
		{FFD437FD-2607-400A-8D99-4C243EAD8CDE}.ReleaseMT|Win32.ActiveCfg = Release MinDependency|Win32
		{FFD437FD-2607-400A-8D99-4C243EAD8CDE}.ReleaseMT|Win32.Build.0 = Release MinDependency|Win32
		{FFD437FD-2607-400A-8D99-4C243EAD8CDE}.ReleaseMT|x64.ActiveCfg = Release MinDependency|Win32
		{1770D8DA-E065-449B-9FA2-61AF77A75D00}.Debug Unicode|Mixed Platforms.ActiveCfg = Debug|x64
		{1770D8DA-E065-449B-9FA2-61AF77A75D00}.Debug Unicode|Mixed Platforms.Build.0 = Debug|x64
		{1770D8DA-E065-449B-9FA2-61AF77A75D00}.Debug Unicode|Win32.ActiveCfg = Debug|x64
		{1770D8DA-E065-449B-9FA2-61AF77A75D00}.Debug Unicode|x64.ActiveCfg = Debug|x64
		{1770D8DA-E065-449B-9FA2-61AF77A75D00}.Debug Unicode|x64.Build.0 = Debug|x64
		{1770D8DA-E065-449B-9FA2-61AF77A75D00}.Debug_ATL|Mixed Platforms.ActiveCfg = Debug|x64
		{1770D8DA-E065-449B-9FA2-61AF77A75D00}.Debug_ATL|Mixed Platforms.Build.0 = Debug|x64
		{1770D8DA-E065-449B-9FA2-61AF77A75D00}.Debug_ATL|Win32.ActiveCfg = Debug|x64
		{1770D8DA-E065-449B-9FA2-61AF77A75D00}.Debug_ATL|x64.ActiveCfg = Debug|x64
		{1770D8DA-E065-449B-9FA2-61AF77A75D00}.Debug_ATL|x64.Build.0 = Debug|x64
		{1770D8DA-E065-449B-9FA2-61AF77A75D00}.Debug_Dll|Mixed Platforms.ActiveCfg = Debug|x64
		{1770D8DA-E065-449B-9FA2-61AF77A75D00}.Debug_Dll|Mixed Platforms.Build.0 = Debug|x64
		{1770D8DA-E065-449B-9FA2-61AF77A75D00}.Debug_Dll|Win32.ActiveCfg = Debug|x64
		{1770D8DA-E065-449B-9FA2-61AF77A75D00}.Debug_Dll|x64.ActiveCfg = Debug|x64
		{1770D8DA-E065-449B-9FA2-61AF77A75D00}.Debug_Dll|x64.Build.0 = Debug|x64
		{1770D8DA-E065-449B-9FA2-61AF77A75D00}.Debug|Mixed Platforms.ActiveCfg = Debug|x64
		{1770D8DA-E065-449B-9FA2-61AF77A75D00}.Debug|Mixed Platforms.Build.0 = Debug|x64
		{1770D8DA-E065-449B-9FA2-61AF77A75D00}.Debug|Win32.ActiveCfg = Debug|x64
		{1770D8DA-E065-449B-9FA2-61AF77A75D00}.Debug|x64.ActiveCfg = Debug|x64
		{1770D8DA-E065-449B-9FA2-61AF77A75D00}.Debug|x64.Build.0 = Debug|x64
		{1770D8DA-E065-449B-9FA2-61AF77A75D00}.Debug64|Mixed Platforms.ActiveCfg = Debug|x64
		{1770D8DA-E065-449B-9FA2-61AF77A75D00}.Debug64|Mixed Platforms.Build.0 = Debug|x64
		{1770D8DA-E065-449B-9FA2-61AF77A75D00}.Debug64|Win32.ActiveCfg = Debug|x64
		{1770D8DA-E065-449B-9FA2-61AF77A75D00}.Debug64|x64.ActiveCfg = Debug|x64
		{1770D8DA-E065-449B-9FA2-61AF77A75D00}.Debug64|x64.Build.0 = Debug|x64
		{1770D8DA-E065-449B-9FA2-61AF77A75D00}.DebugMT|Mixed Platforms.ActiveCfg = Debug|x64
		{1770D8DA-E065-449B-9FA2-61AF77A75D00}.DebugMT|Mixed Platforms.Build.0 = Debug|x64
		{1770D8DA-E065-449B-9FA2-61AF77A75D00}.DebugMT|Win32.ActiveCfg = Debug|x64
		{1770D8DA-E065-449B-9FA2-61AF77A75D00}.DebugMT|x64.ActiveCfg = Debug|x64
		{1770D8DA-E065-449B-9FA2-61AF77A75D00}.DebugMT|x64.Build.0 = Debug|x64
		{1770D8DA-E065-449B-9FA2-61AF77A75D00}.Release MinDependency|Mixed Platforms.ActiveCfg = Release MinDependency|x64
		{1770D8DA-E065-449B-9FA2-61AF77A75D00}.Release MinDependency|Mixed Platforms.Build.0 = Release MinDependency|x64
		{1770D8DA-E065-449B-9FA2-61AF77A75D00}.Release MinDependency|Win32.ActiveCfg = Release MinDependency|x64
		{1770D8DA-E065-449B-9FA2-61AF77A75D00}.Release MinDependency|x64.ActiveCfg = Release MinDependency|x64
		{1770D8DA-E065-449B-9FA2-61AF77A75D00}.Release MinDependency|x64.Build.0 = Release MinDependency|x64
		{1770D8DA-E065-449B-9FA2-61AF77A75D00}.Release_Dll|Mixed Platforms.ActiveCfg = Release MinDependency|x64
		{1770D8DA-E065-449B-9FA2-61AF77A75D00}.Release_Dll|Mixed Platforms.Build.0 = Release MinDependency|x64
		{1770D8DA-E065-449B-9FA2-61AF77A75D00}.Release_Dll|Win32.ActiveCfg = Release MinDependency|x64
		{1770D8DA-E065-449B-9FA2-61AF77A75D00}.Release_Dll|x64.ActiveCfg = Release MinDependency|x64
		{1770D8DA-E065-449B-9FA2-61AF77A75D00}.Release_Dll|x64.Build.0 = Release MinDependency|x64
		{1770D8DA-E065-449B-9FA2-61AF77A75D00}.Release|Mixed Platforms.ActiveCfg = Release MinDependency|x64
		{1770D8DA-E065-449B-9FA2-61AF77A75D00}.Release|Mixed Platforms.Build.0 = Release MinDependency|x64
		{1770D8DA-E065-449B-9FA2-61AF77A75D00}.Release|Win32.ActiveCfg = Release MinDependency|x64
		{1770D8DA-E065-449B-9FA2-61AF77A75D00}.Release|x64.ActiveCfg = Release MinDependency|x64
		{1770D8DA-E065-449B-9FA2-61AF77A75D00}.Release|x64.Build.0 = Release MinDependency|x64
		{1770D8DA-E065-449B-9FA2-61AF77A75D00}.ReleaseMT|Mixed Platforms.ActiveCfg = Release MinDependency|x64
		{1770D8DA-E065-449B-9FA2-61AF77A75D00}.ReleaseMT|Mixed Platforms.Build.0 = Release MinDependency|x64
		{1770D8DA-E065-449B-9FA2-61AF77A75D00}.ReleaseMT|Win32.ActiveCfg = Release MinDependency|x64
		{1770D8DA-E065-449B-9FA2-61AF77A75D00}.ReleaseMT|x64.ActiveCfg = Release MinDependency|x64
		{1770D8DA-E065-449B-9FA2-61AF77A75D00}.ReleaseMT|x64.Build.0 = Release MinDependency|x64
		{ADCCE1AD-E846-462F-94FC-A442CA89E352}.Debug Unicode|Mixed Platforms.ActiveCfg = Debug|Win32
		{ADCCE1AD-E846-462F-94FC-A442CA89E352}.Debug Unicode|Mixed Platforms.Build.0 = Debug|Win32
		{ADCCE1AD-E846-462F-94FC-A442CA89E352}.Debug Unicode|Win32.ActiveCfg = Debug|Win32
		{ADCCE1AD-E846-462F-94FC-A442CA89E352}.Debug Unicode|Win32.Build.0 = Debug|Win32
		{ADCCE1AD-E846-462F-94FC-A442CA89E352}.Debug Unicode|x64.ActiveCfg = Debug|Win32
		{ADCCE1AD-E846-462F-94FC-A442CA89E352}.Debug_ATL|Mixed Platforms.ActiveCfg = Debug|Win32
		{ADCCE1AD-E846-462F-94FC-A442CA89E352}.Debug_ATL|Mixed Platforms.Build.0 = Debug|Win32
		{ADCCE1AD-E846-462F-94FC-A442CA89E352}.Debug_ATL|Win32.ActiveCfg = Debug|Win32
		{ADCCE1AD-E846-462F-94FC-A442CA89E352}.Debug_ATL|Win32.Build.0 = Debug|Win32
		{ADCCE1AD-E846-462F-94FC-A442CA89E352}.Debug_ATL|x64.ActiveCfg = Debug|Win32
		{ADCCE1AD-E846-462F-94FC-A442CA89E352}.Debug_Dll|Mixed Platforms.ActiveCfg = Debug|Win32
		{ADCCE1AD-E846-462F-94FC-A442CA89E352}.Debug_Dll|Mixed Platforms.Build.0 = Debug|Win32
		{ADCCE1AD-E846-462F-94FC-A442CA89E352}.Debug_Dll|Win32.ActiveCfg = Debug|Win32
		{ADCCE1AD-E846-462F-94FC-A442CA89E352}.Debug_Dll|Win32.Build.0 = Debug|Win32
		{ADCCE1AD-E846-462F-94FC-A442CA89E352}.Debug_Dll|x64.ActiveCfg = Debug|Win32
		{ADCCE1AD-E846-462F-94FC-A442CA89E352}.Debug|Mixed Platforms.ActiveCfg = Debug|Win32
		{ADCCE1AD-E846-462F-94FC-A442CA89E352}.Debug|Mixed Platforms.Build.0 = Debug|Win32
		{ADCCE1AD-E846-462F-94FC-A442CA89E352}.Debug|Win32.ActiveCfg = Debug|Win32
		{ADCCE1AD-E846-462F-94FC-A442CA89E352}.Debug|Win32.Build.0 = Debug|Win32
		{ADCCE1AD-E846-462F-94FC-A442CA89E352}.Debug|x64.ActiveCfg = Debug|Win32
		{ADCCE1AD-E846-462F-94FC-A442CA89E352}.Debug64|Mixed Platforms.ActiveCfg = Debug|Win32
		{ADCCE1AD-E846-462F-94FC-A442CA89E352}.Debug64|Mixed Platforms.Build.0 = Debug|Win32
		{ADCCE1AD-E846-462F-94FC-A442CA89E352}.Debug64|Win32.ActiveCfg = Debug|Win32
		{ADCCE1AD-E846-462F-94FC-A442CA89E352}.Debug64|Win32.Build.0 = Debug|Win32
		{ADCCE1AD-E846-462F-94FC-A442CA89E352}.Debug64|x64.ActiveCfg = Debug|Win32
		{ADCCE1AD-E846-462F-94FC-A442CA89E352}.DebugMT|Mixed Platforms.ActiveCfg = Debug|Win32
		{ADCCE1AD-E846-462F-94FC-A442CA89E352}.DebugMT|Mixed Platforms.Build.0 = Debug|Win32
		{ADCCE1AD-E846-462F-94FC-A442CA89E352}.DebugMT|Win32.ActiveCfg = Debug|Win32
		{ADCCE1AD-E846-462F-94FC-A442CA89E352}.DebugMT|Win32.Build.0 = Debug|Win32
		{ADCCE1AD-E846-462F-94FC-A442CA89E352}.DebugMT|x64.ActiveCfg = Debug|Win32
		{ADCCE1AD-E846-462F-94FC-A442CA89E352}.Release MinDependency|Mixed Platforms.ActiveCfg = Release|Win32
		{ADCCE1AD-E846-462F-94FC-A442CA89E352}.Release MinDependency|Mixed Platforms.Build.0 = Release|Win32
		{ADCCE1AD-E846-462F-94FC-A442CA89E352}.Release MinDependency|Win32.ActiveCfg = Release|Win32
		{ADCCE1AD-E846-462F-94FC-A442CA89E352}.Release MinDependency|Win32.Build.0 = Release|Win32
		{ADCCE1AD-E846-462F-94FC-A442CA89E352}.Release MinDependency|x64.ActiveCfg = Release|Win32
		{ADCCE1AD-E846-462F-94FC-A442CA89E352}.Release_Dll|Mixed Platforms.ActiveCfg = Release|Win32
		{ADCCE1AD-E846-462F-94FC-A442CA89E352}.Release_Dll|Mixed Platforms.Build.0 = Release|Win32
		{ADCCE1AD-E846-462F-94FC-A442CA89E352}.Release_Dll|Win32.ActiveCfg = Release|Win32
		{ADCCE1AD-E846-462F-94FC-A442CA89E352}.Release_Dll|Win32.Build.0 = Release|Win32
		{ADCCE1AD-E846-462F-94FC-A442CA89E352}.Release_Dll|x64.ActiveCfg = Release|Win32
		{ADCCE1AD-E846-462F-94FC-A442CA89E352}.Release|Mixed Platforms.ActiveCfg = Release|Win32
		{ADCCE1AD-E846-462F-94FC-A442CA89E352}.Release|Mixed Platforms.Build.0 = Release|Win32
		{ADCCE1AD-E846-462F-94FC-A442CA89E352}.Release|Win32.ActiveCfg = Release|Win32
		{ADCCE1AD-E846-462F-94FC-A442CA89E352}.Release|Win32.Build.0 = Release|Win32
		{ADCCE1AD-E846-462F-94FC-A442CA89E352}.Release|x64.ActiveCfg = Release|Win32
		{ADCCE1AD-E846-462F-94FC-A442CA89E352}.ReleaseMT|Mixed Platforms.ActiveCfg = Release|Win32
		{ADCCE1AD-E846-462F-94FC-A442CA89E352}.ReleaseMT|Mixed Platforms.Build.0 = Release|Win32
		{ADCCE1AD-E846-462F-94FC-A442CA89E352}.ReleaseMT|Win32.ActiveCfg = Release|Win32
		{ADCCE1AD-E846-462F-94FC-A442CA89E352}.ReleaseMT|Win32.Build.0 = Release|Win32
		{ADCCE1AD-E846-462F-94FC-A442CA89E352}.ReleaseMT|x64.ActiveCfg = Release|Win32
	EndGlobalSection
	GlobalSection(SolutionProperties) = preSolution
		HideSolutionNode = FALSE
	EndGlobalSection
EndGlobal
