
Microsoft Visual Studio Solution File, Format Version 11.00
# Visual Studio 2010
Project("{8BC9CEB8-8B4A-11D0-8D11-00A0C91BC942}") = "setup", "code\setup\setup.vcxproj", "{3B35DE94-2F32-4A8F-8256-B11C2D1409B9}"
EndProject
Project("{8BC9CEB8-8B4A-11D0-8D11-00A0C91BC942}") = "uninstall", "code\uninstall\uninstall.vcxproj", "{4206F3E5-E570-478D-9735-314EC4BC156A}"
EndProject
Project("{8BC9CEB8-8B4A-11D0-8D11-00A0C91BC942}") = "update", "code\updata\updata.vcxproj", "{23D88EE7-83CF-4276-BA90-61F8EBC9FEFA}"
EndProject
Project("{8BC9CEB8-8B4A-11D0-8D11-00A0C91BC942}") = "UpdateUI", "code\UpdataUI\UpdataUI.vcxproj", "{188384D5-14F2-4E10-8CDA-75FC300BCD30}"
EndProject
Project("{8BC9CEB8-8B4A-11D0-8D11-00A0C91BC942}") = "luahost", "..\msdk\msdk\mscom\luahost\luahost\luahost.vcxproj", "{D48853C0-8A19-4849-8535-9E8D773EDF07}"
EndProject
Project("{8BC9CEB8-8B4A-11D0-8D11-00A0C91BC942}") = "imhelp", "code\imhelp\imhelp.vcxproj", "{B653BCDC-3B34-4276-827F-1F2D98538889}"
EndProject
Global
	GlobalSection(SolutionConfigurationPlatforms) = preSolution
		Debug|Win32 = Debug|Win32
		Debug|x64 = Debug|x64
		DebugA|Win32 = DebugA|Win32
		DebugA|x64 = DebugA|x64
		Release|Win32 = Release|Win32
		Release|x64 = Release|x64
		ReleaseA|Win32 = ReleaseA|Win32
		ReleaseA|x64 = ReleaseA|x64
		SDebug|Win32 = SDebug|Win32
		SDebug|x64 = SDebug|x64
		SDebugA|Win32 = SDebugA|Win32
		SDebugA|x64 = SDebugA|x64
		SRelease|Win32 = SRelease|Win32
		SRelease|x64 = SRelease|x64
		SReleaseA|Win32 = SReleaseA|Win32
		SReleaseA|x64 = SReleaseA|x64
	EndGlobalSection
	GlobalSection(ProjectConfigurationPlatforms) = postSolution
		{3B35DE94-2F32-4A8F-8256-B11C2D1409B9}.Debug|Win32.ActiveCfg = Debug|Win32
		{3B35DE94-2F32-4A8F-8256-B11C2D1409B9}.Debug|Win32.Build.0 = Debug|Win32
		{3B35DE94-2F32-4A8F-8256-B11C2D1409B9}.Debug|x64.ActiveCfg = Debug|Win32
		{3B35DE94-2F32-4A8F-8256-B11C2D1409B9}.DebugA|Win32.ActiveCfg = Debug|Win32
		{3B35DE94-2F32-4A8F-8256-B11C2D1409B9}.DebugA|Win32.Build.0 = Debug|Win32
		{3B35DE94-2F32-4A8F-8256-B11C2D1409B9}.DebugA|x64.ActiveCfg = Debug|Win32
		{3B35DE94-2F32-4A8F-8256-B11C2D1409B9}.Release|Win32.ActiveCfg = Release|Win32
		{3B35DE94-2F32-4A8F-8256-B11C2D1409B9}.Release|Win32.Build.0 = Release|Win32
		{3B35DE94-2F32-4A8F-8256-B11C2D1409B9}.Release|x64.ActiveCfg = Release|Win32
		{3B35DE94-2F32-4A8F-8256-B11C2D1409B9}.ReleaseA|Win32.ActiveCfg = Release|Win32
		{3B35DE94-2F32-4A8F-8256-B11C2D1409B9}.ReleaseA|Win32.Build.0 = Release|Win32
		{3B35DE94-2F32-4A8F-8256-B11C2D1409B9}.ReleaseA|x64.ActiveCfg = Release|Win32
		{3B35DE94-2F32-4A8F-8256-B11C2D1409B9}.SDebug|Win32.ActiveCfg = Debug|Win32
		{3B35DE94-2F32-4A8F-8256-B11C2D1409B9}.SDebug|Win32.Build.0 = Debug|Win32
		{3B35DE94-2F32-4A8F-8256-B11C2D1409B9}.SDebug|x64.ActiveCfg = Debug|Win32
		{3B35DE94-2F32-4A8F-8256-B11C2D1409B9}.SDebugA|Win32.ActiveCfg = Debug|Win32
		{3B35DE94-2F32-4A8F-8256-B11C2D1409B9}.SDebugA|Win32.Build.0 = Debug|Win32
		{3B35DE94-2F32-4A8F-8256-B11C2D1409B9}.SDebugA|x64.ActiveCfg = Debug|Win32
		{3B35DE94-2F32-4A8F-8256-B11C2D1409B9}.SRelease|Win32.ActiveCfg = Release|Win32
		{3B35DE94-2F32-4A8F-8256-B11C2D1409B9}.SRelease|Win32.Build.0 = Release|Win32
		{3B35DE94-2F32-4A8F-8256-B11C2D1409B9}.SRelease|x64.ActiveCfg = Release|Win32
		{3B35DE94-2F32-4A8F-8256-B11C2D1409B9}.SReleaseA|Win32.ActiveCfg = Release|Win32
		{3B35DE94-2F32-4A8F-8256-B11C2D1409B9}.SReleaseA|Win32.Build.0 = Release|Win32
		{3B35DE94-2F32-4A8F-8256-B11C2D1409B9}.SReleaseA|x64.ActiveCfg = Release|Win32
		{4206F3E5-E570-478D-9735-314EC4BC156A}.Debug|Win32.ActiveCfg = Debug|Win32
		{4206F3E5-E570-478D-9735-314EC4BC156A}.Debug|Win32.Build.0 = Debug|Win32
		{4206F3E5-E570-478D-9735-314EC4BC156A}.Debug|x64.ActiveCfg = Debug|Win32
		{4206F3E5-E570-478D-9735-314EC4BC156A}.DebugA|Win32.ActiveCfg = Debug|Win32
		{4206F3E5-E570-478D-9735-314EC4BC156A}.DebugA|Win32.Build.0 = Debug|Win32
		{4206F3E5-E570-478D-9735-314EC4BC156A}.DebugA|x64.ActiveCfg = Debug|Win32
		{4206F3E5-E570-478D-9735-314EC4BC156A}.Release|Win32.ActiveCfg = Release|Win32
		{4206F3E5-E570-478D-9735-314EC4BC156A}.Release|Win32.Build.0 = Release|Win32
		{4206F3E5-E570-478D-9735-314EC4BC156A}.Release|x64.ActiveCfg = Release|Win32
		{4206F3E5-E570-478D-9735-314EC4BC156A}.ReleaseA|Win32.ActiveCfg = Release|Win32
		{4206F3E5-E570-478D-9735-314EC4BC156A}.ReleaseA|Win32.Build.0 = Release|Win32
		{4206F3E5-E570-478D-9735-314EC4BC156A}.ReleaseA|x64.ActiveCfg = Release|Win32
		{4206F3E5-E570-478D-9735-314EC4BC156A}.SDebug|Win32.ActiveCfg = Debug|Win32
		{4206F3E5-E570-478D-9735-314EC4BC156A}.SDebug|Win32.Build.0 = Debug|Win32
		{4206F3E5-E570-478D-9735-314EC4BC156A}.SDebug|x64.ActiveCfg = Debug|Win32
		{4206F3E5-E570-478D-9735-314EC4BC156A}.SDebugA|Win32.ActiveCfg = Debug|Win32
		{4206F3E5-E570-478D-9735-314EC4BC156A}.SDebugA|Win32.Build.0 = Debug|Win32
		{4206F3E5-E570-478D-9735-314EC4BC156A}.SDebugA|x64.ActiveCfg = Debug|Win32
		{4206F3E5-E570-478D-9735-314EC4BC156A}.SRelease|Win32.ActiveCfg = Release|Win32
		{4206F3E5-E570-478D-9735-314EC4BC156A}.SRelease|Win32.Build.0 = Release|Win32
		{4206F3E5-E570-478D-9735-314EC4BC156A}.SRelease|x64.ActiveCfg = Release|Win32
		{4206F3E5-E570-478D-9735-314EC4BC156A}.SReleaseA|Win32.ActiveCfg = Release|Win32
		{4206F3E5-E570-478D-9735-314EC4BC156A}.SReleaseA|Win32.Build.0 = Release|Win32
		{4206F3E5-E570-478D-9735-314EC4BC156A}.SReleaseA|x64.ActiveCfg = Release|Win32
		{23D88EE7-83CF-4276-BA90-61F8EBC9FEFA}.Debug|Win32.ActiveCfg = Debug|Win32
		{23D88EE7-83CF-4276-BA90-61F8EBC9FEFA}.Debug|Win32.Build.0 = Debug|Win32
		{23D88EE7-83CF-4276-BA90-61F8EBC9FEFA}.Debug|x64.ActiveCfg = Debug|Win32
		{23D88EE7-83CF-4276-BA90-61F8EBC9FEFA}.DebugA|Win32.ActiveCfg = Debug|Win32
		{23D88EE7-83CF-4276-BA90-61F8EBC9FEFA}.DebugA|Win32.Build.0 = Debug|Win32
		{23D88EE7-83CF-4276-BA90-61F8EBC9FEFA}.DebugA|x64.ActiveCfg = Debug|Win32
		{23D88EE7-83CF-4276-BA90-61F8EBC9FEFA}.Release|Win32.ActiveCfg = Release|Win32
		{23D88EE7-83CF-4276-BA90-61F8EBC9FEFA}.Release|Win32.Build.0 = Release|Win32
		{23D88EE7-83CF-4276-BA90-61F8EBC9FEFA}.Release|x64.ActiveCfg = Release|Win32
		{23D88EE7-83CF-4276-BA90-61F8EBC9FEFA}.ReleaseA|Win32.ActiveCfg = Release|Win32
		{23D88EE7-83CF-4276-BA90-61F8EBC9FEFA}.ReleaseA|Win32.Build.0 = Release|Win32
		{23D88EE7-83CF-4276-BA90-61F8EBC9FEFA}.ReleaseA|x64.ActiveCfg = Release|Win32
		{23D88EE7-83CF-4276-BA90-61F8EBC9FEFA}.SDebug|Win32.ActiveCfg = Debug|Win32
		{23D88EE7-83CF-4276-BA90-61F8EBC9FEFA}.SDebug|Win32.Build.0 = Debug|Win32
		{23D88EE7-83CF-4276-BA90-61F8EBC9FEFA}.SDebug|x64.ActiveCfg = Debug|Win32
		{23D88EE7-83CF-4276-BA90-61F8EBC9FEFA}.SDebugA|Win32.ActiveCfg = Debug|Win32
		{23D88EE7-83CF-4276-BA90-61F8EBC9FEFA}.SDebugA|Win32.Build.0 = Debug|Win32
		{23D88EE7-83CF-4276-BA90-61F8EBC9FEFA}.SDebugA|x64.ActiveCfg = Debug|Win32
		{23D88EE7-83CF-4276-BA90-61F8EBC9FEFA}.SRelease|Win32.ActiveCfg = Release|Win32
		{23D88EE7-83CF-4276-BA90-61F8EBC9FEFA}.SRelease|Win32.Build.0 = Release|Win32
		{23D88EE7-83CF-4276-BA90-61F8EBC9FEFA}.SRelease|x64.ActiveCfg = Release|Win32
		{23D88EE7-83CF-4276-BA90-61F8EBC9FEFA}.SReleaseA|Win32.ActiveCfg = Release|Win32
		{23D88EE7-83CF-4276-BA90-61F8EBC9FEFA}.SReleaseA|Win32.Build.0 = Release|Win32
		{23D88EE7-83CF-4276-BA90-61F8EBC9FEFA}.SReleaseA|x64.ActiveCfg = Release|Win32
		{188384D5-14F2-4E10-8CDA-75FC300BCD30}.Debug|Win32.ActiveCfg = Debug|Win32
		{188384D5-14F2-4E10-8CDA-75FC300BCD30}.Debug|Win32.Build.0 = Debug|Win32
		{188384D5-14F2-4E10-8CDA-75FC300BCD30}.Debug|x64.ActiveCfg = Debug|Win32
		{188384D5-14F2-4E10-8CDA-75FC300BCD30}.DebugA|Win32.ActiveCfg = Debug|Win32
		{188384D5-14F2-4E10-8CDA-75FC300BCD30}.DebugA|Win32.Build.0 = Debug|Win32
		{188384D5-14F2-4E10-8CDA-75FC300BCD30}.DebugA|x64.ActiveCfg = Debug|Win32
		{188384D5-14F2-4E10-8CDA-75FC300BCD30}.Release|Win32.ActiveCfg = Release|Win32
		{188384D5-14F2-4E10-8CDA-75FC300BCD30}.Release|Win32.Build.0 = Release|Win32
		{188384D5-14F2-4E10-8CDA-75FC300BCD30}.Release|x64.ActiveCfg = Release|Win32
		{188384D5-14F2-4E10-8CDA-75FC300BCD30}.ReleaseA|Win32.ActiveCfg = Release|Win32
		{188384D5-14F2-4E10-8CDA-75FC300BCD30}.ReleaseA|Win32.Build.0 = Release|Win32
		{188384D5-14F2-4E10-8CDA-75FC300BCD30}.ReleaseA|x64.ActiveCfg = Release|Win32
		{188384D5-14F2-4E10-8CDA-75FC300BCD30}.SDebug|Win32.ActiveCfg = Debug|Win32
		{188384D5-14F2-4E10-8CDA-75FC300BCD30}.SDebug|Win32.Build.0 = Debug|Win32
		{188384D5-14F2-4E10-8CDA-75FC300BCD30}.SDebug|x64.ActiveCfg = Debug|Win32
		{188384D5-14F2-4E10-8CDA-75FC300BCD30}.SDebugA|Win32.ActiveCfg = Debug|Win32
		{188384D5-14F2-4E10-8CDA-75FC300BCD30}.SDebugA|Win32.Build.0 = Debug|Win32
		{188384D5-14F2-4E10-8CDA-75FC300BCD30}.SDebugA|x64.ActiveCfg = Debug|Win32
		{188384D5-14F2-4E10-8CDA-75FC300BCD30}.SRelease|Win32.ActiveCfg = Release|Win32
		{188384D5-14F2-4E10-8CDA-75FC300BCD30}.SRelease|Win32.Build.0 = Release|Win32
		{188384D5-14F2-4E10-8CDA-75FC300BCD30}.SRelease|x64.ActiveCfg = Release|Win32
		{188384D5-14F2-4E10-8CDA-75FC300BCD30}.SReleaseA|Win32.ActiveCfg = Release|Win32
		{188384D5-14F2-4E10-8CDA-75FC300BCD30}.SReleaseA|Win32.Build.0 = Release|Win32
		{188384D5-14F2-4E10-8CDA-75FC300BCD30}.SReleaseA|x64.ActiveCfg = Release|Win32
		{D48853C0-8A19-4849-8535-9E8D773EDF07}.Debug|Win32.ActiveCfg = Debug|Win32
		{D48853C0-8A19-4849-8535-9E8D773EDF07}.Debug|Win32.Build.0 = Debug|Win32
		{D48853C0-8A19-4849-8535-9E8D773EDF07}.Debug|x64.ActiveCfg = Debug|Win32
		{D48853C0-8A19-4849-8535-9E8D773EDF07}.DebugA|Win32.ActiveCfg = Debug|Win32
		{D48853C0-8A19-4849-8535-9E8D773EDF07}.DebugA|Win32.Build.0 = Debug|Win32
		{D48853C0-8A19-4849-8535-9E8D773EDF07}.DebugA|x64.ActiveCfg = Debug|Win32
		{D48853C0-8A19-4849-8535-9E8D773EDF07}.Release|Win32.ActiveCfg = Release|Win32
		{D48853C0-8A19-4849-8535-9E8D773EDF07}.Release|Win32.Build.0 = Release|Win32
		{D48853C0-8A19-4849-8535-9E8D773EDF07}.Release|x64.ActiveCfg = Release|Win32
		{D48853C0-8A19-4849-8535-9E8D773EDF07}.ReleaseA|Win32.ActiveCfg = Release|Win32
		{D48853C0-8A19-4849-8535-9E8D773EDF07}.ReleaseA|Win32.Build.0 = Release|Win32
		{D48853C0-8A19-4849-8535-9E8D773EDF07}.ReleaseA|x64.ActiveCfg = Release|Win32
		{D48853C0-8A19-4849-8535-9E8D773EDF07}.SDebug|Win32.ActiveCfg = Debug|Win32
		{D48853C0-8A19-4849-8535-9E8D773EDF07}.SDebug|Win32.Build.0 = Debug|Win32
		{D48853C0-8A19-4849-8535-9E8D773EDF07}.SDebug|x64.ActiveCfg = Debug|Win32
		{D48853C0-8A19-4849-8535-9E8D773EDF07}.SDebugA|Win32.ActiveCfg = Debug|Win32
		{D48853C0-8A19-4849-8535-9E8D773EDF07}.SDebugA|Win32.Build.0 = Debug|Win32
		{D48853C0-8A19-4849-8535-9E8D773EDF07}.SDebugA|x64.ActiveCfg = Debug|Win32
		{D48853C0-8A19-4849-8535-9E8D773EDF07}.SRelease|Win32.ActiveCfg = Release|Win32
		{D48853C0-8A19-4849-8535-9E8D773EDF07}.SRelease|Win32.Build.0 = Release|Win32
		{D48853C0-8A19-4849-8535-9E8D773EDF07}.SRelease|x64.ActiveCfg = Release|Win32
		{D48853C0-8A19-4849-8535-9E8D773EDF07}.SReleaseA|Win32.ActiveCfg = Release|Win32
		{D48853C0-8A19-4849-8535-9E8D773EDF07}.SReleaseA|Win32.Build.0 = Release|Win32
		{D48853C0-8A19-4849-8535-9E8D773EDF07}.SReleaseA|x64.ActiveCfg = Release|Win32
		{B653BCDC-3B34-4276-827F-1F2D98538889}.Debug|Win32.ActiveCfg = Debug|Win32
		{B653BCDC-3B34-4276-827F-1F2D98538889}.Debug|Win32.Build.0 = Debug|Win32
		{B653BCDC-3B34-4276-827F-1F2D98538889}.Debug|x64.ActiveCfg = Debug|Win32
		{B653BCDC-3B34-4276-827F-1F2D98538889}.DebugA|Win32.ActiveCfg = Debug|Win32
		{B653BCDC-3B34-4276-827F-1F2D98538889}.DebugA|Win32.Build.0 = Debug|Win32
		{B653BCDC-3B34-4276-827F-1F2D98538889}.DebugA|x64.ActiveCfg = Debug|Win32
		{B653BCDC-3B34-4276-827F-1F2D98538889}.Release|Win32.ActiveCfg = Release|Win32
		{B653BCDC-3B34-4276-827F-1F2D98538889}.Release|Win32.Build.0 = Release|Win32
		{B653BCDC-3B34-4276-827F-1F2D98538889}.Release|x64.ActiveCfg = Release|Win32
		{B653BCDC-3B34-4276-827F-1F2D98538889}.ReleaseA|Win32.ActiveCfg = Release|Win32
		{B653BCDC-3B34-4276-827F-1F2D98538889}.ReleaseA|Win32.Build.0 = Release|Win32
		{B653BCDC-3B34-4276-827F-1F2D98538889}.ReleaseA|x64.ActiveCfg = Release|Win32
		{B653BCDC-3B34-4276-827F-1F2D98538889}.SDebug|Win32.ActiveCfg = Debug|Win32
		{B653BCDC-3B34-4276-827F-1F2D98538889}.SDebug|Win32.Build.0 = Debug|Win32
		{B653BCDC-3B34-4276-827F-1F2D98538889}.SDebug|x64.ActiveCfg = Debug|Win32
		{B653BCDC-3B34-4276-827F-1F2D98538889}.SDebugA|Win32.ActiveCfg = Debug|Win32
		{B653BCDC-3B34-4276-827F-1F2D98538889}.SDebugA|Win32.Build.0 = Debug|Win32
		{B653BCDC-3B34-4276-827F-1F2D98538889}.SDebugA|x64.ActiveCfg = Debug|Win32
		{B653BCDC-3B34-4276-827F-1F2D98538889}.SRelease|Win32.ActiveCfg = Release|Win32
		{B653BCDC-3B34-4276-827F-1F2D98538889}.SRelease|Win32.Build.0 = Release|Win32
		{B653BCDC-3B34-4276-827F-1F2D98538889}.SRelease|x64.ActiveCfg = Release|Win32
		{B653BCDC-3B34-4276-827F-1F2D98538889}.SReleaseA|Win32.ActiveCfg = Release|Win32
		{B653BCDC-3B34-4276-827F-1F2D98538889}.SReleaseA|Win32.Build.0 = Release|Win32
		{B653BCDC-3B34-4276-827F-1F2D98538889}.SReleaseA|x64.ActiveCfg = Release|Win32
	EndGlobalSection
	GlobalSection(SolutionProperties) = preSolution
		HideSolutionNode = FALSE
	EndGlobalSection
EndGlobal
