<?xml version="1.0" encoding="utf-8"?>
<Project ToolsVersion="4.0" xmlns="http://schemas.microsoft.com/developer/msbuild/2003">
  <ItemGroup>
    <Filter Include="Source Files">
      <UniqueIdentifier>{92b5ff85-b914-449b-88bd-9cb000c1fedb}</UniqueIdentifier>
      <Extensions>cpp;c;cxx;def;odl;idl;hpj;bat;asm</Extensions>
    </Filter>
    <Filter Include="Header Files">
      <UniqueIdentifier>{ce0f2605-3153-47a6-a042-3124a6cdcf39}</UniqueIdentifier>
      <Extensions>h;hpp;hxx;hm;inl;inc</Extensions>
    </Filter>
    <Filter Include="Resource Files">
      <UniqueIdentifier>{6b47e27b-ddde-4fc3-a0f5-41346a562bd8}</UniqueIdentifier>
      <Extensions>rc;ico;cur;bmp;dlg;rc2;rct;bin;rgs;jpg;jpeg;jpe;manifest</Extensions>
    </Filter>
    <Filter Include="SoUI Resouece">
      <UniqueIdentifier>{c766162c-5877-4c80-8946-bef073182e85}</UniqueIdentifier>
      <Extensions>idx;xml;png;gif;jpg;ico;lua;bmp</Extensions>
    </Filter>
  </ItemGroup>
  <ItemGroup>
    <None Include="readme.txt" />
    <None Include="res\soui_res.rc2">
      <Filter>Resource Files</Filter>
    </None>
    <None Include="uires\uidef\init.xml">
      <Filter>SoUI Resouece</Filter>
    </None>
    <None Include="uires\values\color.xml">
      <Filter>SoUI Resouece</Filter>
    </None>
    <None Include="uires\values\skin.xml">
      <Filter>SoUI Resouece</Filter>
    </None>
    <None Include="uires\values\string.xml">
      <Filter>SoUI Resouece</Filter>
    </None>
    <None Include="uires\xml\dlg_main.xml">
      <Filter>SoUI Resouece</Filter>
    </None>
    <None Include="uires\image\soui.ico">
      <Filter>SoUI Resouece</Filter>
    </None>
    <None Include="res\kuaiyan.ico">
      <Filter>Resource Files</Filter>
    </None>
    <None Include="res\downarrow.bmp">
      <Filter>Resource Files</Filter>
    </None>
    <None Include="res\uparrow.bmp">
      <Filter>Resource Files</Filter>
    </None>
    <None Include="res\ColumnHeaderEnd.bmp">
      <Filter>Resource Files</Filter>
    </None>
    <None Include="res\ColumnHeaderSpan.bmp">
      <Filter>Resource Files</Filter>
    </None>
    <None Include="res\ColumnHeaderStart.bmp">
      <Filter>Resource Files</Filter>
    </None>
  </ItemGroup>
  <ItemGroup>
    <ClCompile Include="JCfsUI.cpp">
      <Filter>Source Files</Filter>
    </ClCompile>
    <ClCompile Include="MainDlg.cpp">
      <Filter>Source Files</Filter>
    </ClCompile>
    <ClCompile Include="stdafx.cpp">
      <Filter>Source Files</Filter>
    </ClCompile>
    <ClCompile Include="dllmain.cpp">
      <Filter>Source Files</Filter>
    </ClCompile>
    <ClCompile Include="FsMcAdapterFix.cpp">
      <Filter>Source Files</Filter>
    </ClCompile>
    <ClCompile Include="SkinHeaderCtrl.cpp">
      <Filter>Source Files</Filter>
    </ClCompile>
    <ClCompile Include="WTLVirtualList.cpp">
      <Filter>Source Files</Filter>
    </ClCompile>
    <ClCompile Include="CListCtrl_Sortable.cpp">
      <Filter>Source Files</Filter>
    </ClCompile>
    <ClCompile Include="ShellContextMenu.cpp">
      <Filter>Source Files</Filter>
    </ClCompile>
    <ClCompile Include="..\..\..\soui2\controls.extend\gif\SGifPlayer.cpp">
      <Filter>Source Files</Filter>
    </ClCompile>
    <ClCompile Include="..\..\..\soui2\controls.extend\gif\SSkinAPNG.cpp">
      <Filter>Source Files</Filter>
    </ClCompile>
    <ClCompile Include="..\..\..\soui2\controls.extend\gif\SSkinGif.cpp">
      <Filter>Source Files</Filter>
    </ClCompile>
    <ClCompile Include="SDlgSrvError.cpp">
      <Filter>Source Files</Filter>
    </ClCompile>
    <ClCompile Include="SFreeImageWnd.cpp">
      <Filter>Source Files</Filter>
    </ClCompile>
    <ClCompile Include="SShowImageWnd.cpp">
      <Filter>Source Files</Filter>
    </ClCompile>
    <ClCompile Include="SShowGifWnd.cpp">
      <Filter>Source Files</Filter>
    </ClCompile>
  </ItemGroup>
  <ItemGroup>
    <ResourceCompile Include="JCfsUI.rc">
      <Filter>Resource Files</Filter>
    </ResourceCompile>
  </ItemGroup>
  <ItemGroup>
    <ClInclude Include="MainDlg.h">
      <Filter>Header Files</Filter>
    </ClInclude>
    <ClInclude Include="resource.h">
      <Filter>Header Files</Filter>
    </ClInclude>
    <ClInclude Include="stdafx.h">
      <Filter>Header Files</Filter>
    </ClInclude>
    <ClInclude Include="SRotateWindow.h">
      <Filter>Header Files</Filter>
    </ClInclude>
    <ClInclude Include="JCfsUI.h">
      <Filter>Header Files</Filter>
    </ClInclude>
    <ClInclude Include="FsMcAdapterFix.h">
      <Filter>Header Files</Filter>
    </ClInclude>
    <ClInclude Include="SkinHeaderCtrl.h">
      <Filter>Header Files</Filter>
    </ClInclude>
    <ClInclude Include="WTLVirtualList.h">
      <Filter>Header Files</Filter>
    </ClInclude>
    <ClInclude Include="CListCtrl_Sortable.h">
      <Filter>Header Files</Filter>
    </ClInclude>
    <ClInclude Include="ShellContextMenu.h">
      <Filter>Header Files</Filter>
    </ClInclude>
    <ClInclude Include="..\..\..\soui2\controls.extend\gif\SAniImgFrame.h">
      <Filter>Header Files</Filter>
    </ClInclude>
    <ClInclude Include="..\..\..\soui2\controls.extend\gif\SGifPlayer.h">
      <Filter>Header Files</Filter>
    </ClInclude>
    <ClInclude Include="..\..\..\soui2\controls.extend\gif\SSkinAPNG.h">
      <Filter>Header Files</Filter>
    </ClInclude>
    <ClInclude Include="..\..\..\soui2\controls.extend\gif\SSkinGif.h">
      <Filter>Header Files</Filter>
    </ClInclude>
    <ClInclude Include="SDlgSrvError.h">
      <Filter>Header Files</Filter>
    </ClInclude>
    <ClInclude Include="SFreeImageWnd.h">
      <Filter>Header Files</Filter>
    </ClInclude>
    <ClInclude Include="SShowImageWnd.h">
      <Filter>Header Files</Filter>
    </ClInclude>
    <ClInclude Include="SShowGifWnd.h">
      <Filter>Header Files</Filter>
    </ClInclude>
    <ClInclude Include="interface_zoom.h">
      <Filter>Header Files</Filter>
    </ClInclude>
  </ItemGroup>
  <ItemGroup>
    <CustomBuild Include="uires\uires.idx">
      <Filter>SoUI Resouece</Filter>
    </CustomBuild>
  </ItemGroup>
</Project>