<?xml version="1.0" encoding="utf-8"?>
<Project ToolsVersion="4.0" xmlns="http://schemas.microsoft.com/developer/msbuild/2003">
  <ItemGroup>
    <Filter Include="Source Files">
      <UniqueIdentifier>{4FC737F1-C7A5-4376-A066-2A32D752A2FF}</UniqueIdentifier>
      <Extensions>cpp;c;cc;cxx;def;odl;idl;hpj;bat;asm;asmx</Extensions>
    </Filter>
    <Filter Include="Header Files">
      <UniqueIdentifier>{93995380-89BD-4b04-88EB-625FBE52EBFB}</UniqueIdentifier>
      <Extensions>h;hpp;hxx;hm;inl;inc;xsd</Extensions>
    </Filter>
    <Filter Include="Resource Files">
      <UniqueIdentifier>{67DA6AB6-F800-4c08-8B7A-83BB121AAD01}</UniqueIdentifier>
      <Extensions>rc;ico;cur;bmp;dlg;rc2;rct;bin;rgs;gif;jpg;jpeg;jpe;resx;tiff;tif;png;wav;mfcribbon-ms</Extensions>
    </Filter>
    <Filter Include="shellcontextmenu">
      <UniqueIdentifier>{77906203-4683-4a75-9ac4-3a089349f739}</UniqueIdentifier>
    </Filter>
  </ItemGroup>
  <ItemGroup>
    <Text Include="ReadMe.txt" />
  </ItemGroup>
  <ItemGroup>
    <ClInclude Include="stdafx.h">
      <Filter>Header Files</Filter>
    </ClInclude>
    <ClInclude Include="targetver.h">
      <Filter>Header Files</Filter>
    </ClInclude>
    <ClInclude Include="DuiWindow.h">
      <Filter>Header Files</Filter>
    </ClInclude>
    <ClInclude Include="resource.h">
      <Filter>Header Files</Filter>
    </ClInclude>
    <ClInclude Include="GifImage.h">
      <Filter>Header Files</Filter>
    </ClInclude>
    <ClInclude Include="ImageEx.h">
      <Filter>Header Files</Filter>
    </ClInclude>
    <ClInclude Include="Path.h">
      <Filter>Header Files</Filter>
    </ClInclude>
    <ClInclude Include="XmlDocument.h">
      <Filter>Header Files</Filter>
    </ClInclude>
    <ClInclude Include="WTLVirtualList.h">
      <Filter>Header Files</Filter>
    </ClInclude>
    <ClInclude Include="GifControlUI.h">
      <Filter>Header Files</Filter>
    </ClInclude>
    <ClInclude Include="CListCtrl_Sortable.h">
      <Filter>Header Files</Filter>
    </ClInclude>
    <ClInclude Include="SkinHeaderCtrl.h">
      <Filter>Header Files</Filter>
    </ClInclude>
    <ClInclude Include="shellcontextmenu\ShellContextMenu.h">
      <Filter>shellcontextmenu</Filter>
    </ClInclude>
    <ClInclude Include="KYanBuildControl.h">
      <Filter>Header Files</Filter>
    </ClInclude>
    <ClInclude Include="KYImageControl.h">
      <Filter>Header Files</Filter>
    </ClInclude>
  </ItemGroup>
  <ItemGroup>
    <ClCompile Include="stdafx.cpp">
      <Filter>Source Files</Filter>
    </ClCompile>
    <ClCompile Include="dui-mainui.cpp">
      <Filter>Source Files</Filter>
    </ClCompile>
    <ClCompile Include="DuiWindow.cpp">
      <Filter>Source Files</Filter>
    </ClCompile>
    <ClCompile Include="GifImage.cpp">
      <Filter>Source Files</Filter>
    </ClCompile>
    <ClCompile Include="ImageEx.cpp">
      <Filter>Source Files</Filter>
    </ClCompile>
    <ClCompile Include="Path.cpp">
      <Filter>Source Files</Filter>
    </ClCompile>
    <ClCompile Include="XmlDocument.cpp">
      <Filter>Source Files</Filter>
    </ClCompile>
    <ClCompile Include="WTLVirtualList.cpp">
      <Filter>Source Files</Filter>
    </ClCompile>
    <ClCompile Include="GifControlUI.cpp">
      <Filter>Source Files</Filter>
    </ClCompile>
    <ClCompile Include="CListCtrl_Sortable.cpp">
      <Filter>Source Files</Filter>
    </ClCompile>
    <ClCompile Include="SkinHeaderCtrl.cpp">
      <Filter>Source Files</Filter>
    </ClCompile>
    <ClCompile Include="shellcontextmenu\ShellContextMenu.cpp">
      <Filter>shellcontextmenu</Filter>
    </ClCompile>
    <ClCompile Include="KYanBuildControl.cpp">
      <Filter>Source Files</Filter>
    </ClCompile>
    <ClCompile Include="KYImageControl.cpp">
      <Filter>Source Files</Filter>
    </ClCompile>
  </ItemGroup>
  <ItemGroup>
    <ResourceCompile Include="dui-mainui.rc">
      <Filter>Resource Files</Filter>
    </ResourceCompile>
  </ItemGroup>
  <ItemGroup>
    <Image Include="res\main-tray.ico">
      <Filter>Resource Files</Filter>
    </Image>
  </ItemGroup>
  <ItemGroup>
    <None Include="..\..\bin\skin.zip" />
    <None Include="res\querywaiting.gif">
      <Filter>Resource Files</Filter>
    </None>
    <None Include="res\downarrow.bmp">
      <Filter>Resource Files</Filter>
    </None>
    <None Include="res\uparrow.bmp">
      <Filter>Resource Files</Filter>
    </None>
    <None Include="..\..\bin\skin\select.xml" />
    <None Include="..\..\bin\skin\skin.xml" />
    <None Include="res\ColumnHeaderEnd.bmp">
      <Filter>Resource Files</Filter>
    </None>
    <None Include="res\ColumnHeaderSpan.bmp">
      <Filter>Resource Files</Filter>
    </None>
    <None Include="res\ColumnHeaderStart.bmp">
      <Filter>Resource Files</Filter>
    </None>
    <None Include="..\..\..\kuaiyan\filesearch\bin\skin.zip" />
    <None Include="res\icon4.ico">
      <Filter>Resource Files</Filter>
    </None>
  </ItemGroup>
</Project>