
Microsoft Visual Studio Solution File, Format Version 11.00
# Visual Studio 2010
Project("{8BC9CEB8-8B4A-11D0-8D11-00A0C91BC942}") = "JCDeskBand", "JCDeskBand.vcxproj", "{A6A8C5B4-B712-44C1-91B8-01F1F499FDA2}"
EndProject
Project("{8BC9CEB8-8B4A-11D0-8D11-00A0C91BC942}") = "DuiLibMin", "..\..\..\msdk\DuiLib\DuiLibMin.vcxproj", "{E106ACD7-4E53-4AEE-942B-D0DD426DB34E}"
EndProject
Project("{8BC9CEB8-8B4A-11D0-8D11-00A0C91BC942}") = "DuiCore", "..\..\..\msdk\msui\code\DuiCore\DuiCore.vcxproj", "{1AC5820C-303A-4C02-9940-0AB9931C3814}"
EndProject
Project("{8BC9CEB8-8B4A-11D0-8D11-00A0C91BC942}") = "DuiTest", "..\..\..\msdk\msui\code\DuiTest\DuiTest.vcxproj", "{1D6766B1-038B-40D8-8797-DC2C4FE92D94}"
EndProject
Global
	GlobalSection(SolutionConfigurationPlatforms) = preSolution
		Debug|Win32 = Debug|Win32
		Debug|x64 = Debug|x64
		DebugA|Win32 = DebugA|Win32
		DebugA|x64 = DebugA|x64
		DebugMT|Win32 = DebugMT|Win32
		DebugMT|x64 = DebugMT|x64
		Release|Win32 = Release|Win32
		Release|x64 = Release|x64
		ReleaseA|Win32 = ReleaseA|Win32
		ReleaseA|x64 = ReleaseA|x64
		ReleaseMT|Win32 = ReleaseMT|Win32
		ReleaseMT|x64 = ReleaseMT|x64
		SDebug|Win32 = SDebug|Win32
		SDebug|x64 = SDebug|x64
		SDebugA|Win32 = SDebugA|Win32
		SDebugA|x64 = SDebugA|x64
		SRelease|Win32 = SRelease|Win32
		SRelease|x64 = SRelease|x64
		SReleaseA|Win32 = SReleaseA|Win32
		SReleaseA|x64 = SReleaseA|x64
	EndGlobalSection
	GlobalSection(ProjectConfigurationPlatforms) = postSolution
		{A6A8C5B4-B712-44C1-91B8-01F1F499FDA2}.Debug|Win32.ActiveCfg = Debug|Win32
		{A6A8C5B4-B712-44C1-91B8-01F1F499FDA2}.Debug|Win32.Build.0 = Debug|Win32
		{A6A8C5B4-B712-44C1-91B8-01F1F499FDA2}.Debug|x64.ActiveCfg = Debug|x64
		{A6A8C5B4-B712-44C1-91B8-01F1F499FDA2}.Debug|x64.Build.0 = Debug|x64
		{A6A8C5B4-B712-44C1-91B8-01F1F499FDA2}.DebugA|Win32.ActiveCfg = Debug|x64
		{A6A8C5B4-B712-44C1-91B8-01F1F499FDA2}.DebugA|x64.ActiveCfg = Debug|x64
		{A6A8C5B4-B712-44C1-91B8-01F1F499FDA2}.DebugA|x64.Build.0 = Debug|x64
		{A6A8C5B4-B712-44C1-91B8-01F1F499FDA2}.DebugMT|Win32.ActiveCfg = Debug|x64
		{A6A8C5B4-B712-44C1-91B8-01F1F499FDA2}.DebugMT|x64.ActiveCfg = Debug|x64
		{A6A8C5B4-B712-44C1-91B8-01F1F499FDA2}.DebugMT|x64.Build.0 = Debug|x64
		{A6A8C5B4-B712-44C1-91B8-01F1F499FDA2}.Release|Win32.ActiveCfg = Release|Win32
		{A6A8C5B4-B712-44C1-91B8-01F1F499FDA2}.Release|Win32.Build.0 = Release|Win32
		{A6A8C5B4-B712-44C1-91B8-01F1F499FDA2}.Release|x64.ActiveCfg = Release|x64
		{A6A8C5B4-B712-44C1-91B8-01F1F499FDA2}.Release|x64.Build.0 = Release|x64
		{A6A8C5B4-B712-44C1-91B8-01F1F499FDA2}.ReleaseA|Win32.ActiveCfg = Release|x64
		{A6A8C5B4-B712-44C1-91B8-01F1F499FDA2}.ReleaseA|x64.ActiveCfg = Release|x64
		{A6A8C5B4-B712-44C1-91B8-01F1F499FDA2}.ReleaseA|x64.Build.0 = Release|x64
		{A6A8C5B4-B712-44C1-91B8-01F1F499FDA2}.ReleaseMT|Win32.ActiveCfg = Release|x64
		{A6A8C5B4-B712-44C1-91B8-01F1F499FDA2}.ReleaseMT|x64.ActiveCfg = Release|x64
		{A6A8C5B4-B712-44C1-91B8-01F1F499FDA2}.ReleaseMT|x64.Build.0 = Release|x64
		{A6A8C5B4-B712-44C1-91B8-01F1F499FDA2}.SDebug|Win32.ActiveCfg = Debug|Win32
		{A6A8C5B4-B712-44C1-91B8-01F1F499FDA2}.SDebug|Win32.Build.0 = Debug|Win32
		{A6A8C5B4-B712-44C1-91B8-01F1F499FDA2}.SDebug|x64.ActiveCfg = Debug|x64
		{A6A8C5B4-B712-44C1-91B8-01F1F499FDA2}.SDebug|x64.Build.0 = Debug|x64
		{A6A8C5B4-B712-44C1-91B8-01F1F499FDA2}.SDebugA|Win32.ActiveCfg = Debug|x64
		{A6A8C5B4-B712-44C1-91B8-01F1F499FDA2}.SDebugA|x64.ActiveCfg = Debug|x64
		{A6A8C5B4-B712-44C1-91B8-01F1F499FDA2}.SDebugA|x64.Build.0 = Debug|x64
		{A6A8C5B4-B712-44C1-91B8-01F1F499FDA2}.SRelease|Win32.ActiveCfg = Release|Win32
		{A6A8C5B4-B712-44C1-91B8-01F1F499FDA2}.SRelease|Win32.Build.0 = Release|Win32
		{A6A8C5B4-B712-44C1-91B8-01F1F499FDA2}.SRelease|x64.ActiveCfg = Release|x64
		{A6A8C5B4-B712-44C1-91B8-01F1F499FDA2}.SRelease|x64.Build.0 = Release|x64
		{A6A8C5B4-B712-44C1-91B8-01F1F499FDA2}.SReleaseA|Win32.ActiveCfg = Release|x64
		{A6A8C5B4-B712-44C1-91B8-01F1F499FDA2}.SReleaseA|x64.ActiveCfg = Release|x64
		{A6A8C5B4-B712-44C1-91B8-01F1F499FDA2}.SReleaseA|x64.Build.0 = Release|x64
		{E106ACD7-4E53-4AEE-942B-D0DD426DB34E}.Debug|Win32.ActiveCfg = Debug|Win32
		{E106ACD7-4E53-4AEE-942B-D0DD426DB34E}.Debug|Win32.Build.0 = Debug|Win32
		{E106ACD7-4E53-4AEE-942B-D0DD426DB34E}.Debug|x64.ActiveCfg = Debug|x64
		{E106ACD7-4E53-4AEE-942B-D0DD426DB34E}.Debug|x64.Build.0 = Debug|x64
		{E106ACD7-4E53-4AEE-942B-D0DD426DB34E}.DebugA|Win32.ActiveCfg = DebugA|Win32
		{E106ACD7-4E53-4AEE-942B-D0DD426DB34E}.DebugA|Win32.Build.0 = DebugA|Win32
		{E106ACD7-4E53-4AEE-942B-D0DD426DB34E}.DebugA|x64.ActiveCfg = DebugA|x64
		{E106ACD7-4E53-4AEE-942B-D0DD426DB34E}.DebugA|x64.Build.0 = DebugA|x64
		{E106ACD7-4E53-4AEE-942B-D0DD426DB34E}.DebugMT|Win32.ActiveCfg = Debug|x64
		{E106ACD7-4E53-4AEE-942B-D0DD426DB34E}.DebugMT|x64.ActiveCfg = Debug|x64
		{E106ACD7-4E53-4AEE-942B-D0DD426DB34E}.DebugMT|x64.Build.0 = Debug|x64
		{E106ACD7-4E53-4AEE-942B-D0DD426DB34E}.Release|Win32.ActiveCfg = Release|Win32
		{E106ACD7-4E53-4AEE-942B-D0DD426DB34E}.Release|Win32.Build.0 = Release|Win32
		{E106ACD7-4E53-4AEE-942B-D0DD426DB34E}.Release|x64.ActiveCfg = Release|x64
		{E106ACD7-4E53-4AEE-942B-D0DD426DB34E}.Release|x64.Build.0 = Release|x64
		{E106ACD7-4E53-4AEE-942B-D0DD426DB34E}.ReleaseA|Win32.ActiveCfg = ReleaseA|Win32
		{E106ACD7-4E53-4AEE-942B-D0DD426DB34E}.ReleaseA|Win32.Build.0 = ReleaseA|Win32
		{E106ACD7-4E53-4AEE-942B-D0DD426DB34E}.ReleaseA|x64.ActiveCfg = ReleaseA|x64
		{E106ACD7-4E53-4AEE-942B-D0DD426DB34E}.ReleaseA|x64.Build.0 = ReleaseA|x64
		{E106ACD7-4E53-4AEE-942B-D0DD426DB34E}.ReleaseMT|Win32.ActiveCfg = Release|x64
		{E106ACD7-4E53-4AEE-942B-D0DD426DB34E}.ReleaseMT|x64.ActiveCfg = Release|x64
		{E106ACD7-4E53-4AEE-942B-D0DD426DB34E}.ReleaseMT|x64.Build.0 = Release|x64
		{E106ACD7-4E53-4AEE-942B-D0DD426DB34E}.SDebug|Win32.ActiveCfg = SDebug|Win32
		{E106ACD7-4E53-4AEE-942B-D0DD426DB34E}.SDebug|Win32.Build.0 = SDebug|Win32
		{E106ACD7-4E53-4AEE-942B-D0DD426DB34E}.SDebug|x64.ActiveCfg = SDebug|x64
		{E106ACD7-4E53-4AEE-942B-D0DD426DB34E}.SDebug|x64.Build.0 = SDebug|x64
		{E106ACD7-4E53-4AEE-942B-D0DD426DB34E}.SDebugA|Win32.ActiveCfg = SDebugA|Win32
		{E106ACD7-4E53-4AEE-942B-D0DD426DB34E}.SDebugA|Win32.Build.0 = SDebugA|Win32
		{E106ACD7-4E53-4AEE-942B-D0DD426DB34E}.SDebugA|x64.ActiveCfg = SDebugA|x64
		{E106ACD7-4E53-4AEE-942B-D0DD426DB34E}.SDebugA|x64.Build.0 = SDebugA|x64
		{E106ACD7-4E53-4AEE-942B-D0DD426DB34E}.SRelease|Win32.ActiveCfg = SRelease|Win32
		{E106ACD7-4E53-4AEE-942B-D0DD426DB34E}.SRelease|Win32.Build.0 = SRelease|Win32
		{E106ACD7-4E53-4AEE-942B-D0DD426DB34E}.SRelease|x64.ActiveCfg = SRelease|x64
		{E106ACD7-4E53-4AEE-942B-D0DD426DB34E}.SRelease|x64.Build.0 = SRelease|x64
		{E106ACD7-4E53-4AEE-942B-D0DD426DB34E}.SReleaseA|Win32.ActiveCfg = SReleaseA|Win32
		{E106ACD7-4E53-4AEE-942B-D0DD426DB34E}.SReleaseA|Win32.Build.0 = SReleaseA|Win32
		{E106ACD7-4E53-4AEE-942B-D0DD426DB34E}.SReleaseA|x64.ActiveCfg = SReleaseA|x64
		{E106ACD7-4E53-4AEE-942B-D0DD426DB34E}.SReleaseA|x64.Build.0 = SReleaseA|x64
		{1AC5820C-303A-4C02-9940-0AB9931C3814}.Debug|Win32.ActiveCfg = Debug|Win32
		{1AC5820C-303A-4C02-9940-0AB9931C3814}.Debug|Win32.Build.0 = Debug|Win32
		{1AC5820C-303A-4C02-9940-0AB9931C3814}.Debug|x64.ActiveCfg = Debug|x64
		{1AC5820C-303A-4C02-9940-0AB9931C3814}.DebugA|Win32.ActiveCfg = Debug|Win32
		{1AC5820C-303A-4C02-9940-0AB9931C3814}.DebugA|Win32.Build.0 = Debug|Win32
		{1AC5820C-303A-4C02-9940-0AB9931C3814}.DebugA|x64.ActiveCfg = Debug|Win32
		{1AC5820C-303A-4C02-9940-0AB9931C3814}.DebugMT|Win32.ActiveCfg = DebugMT|Win32
		{1AC5820C-303A-4C02-9940-0AB9931C3814}.DebugMT|Win32.Build.0 = DebugMT|Win32
		{1AC5820C-303A-4C02-9940-0AB9931C3814}.DebugMT|x64.ActiveCfg = DebugMT|x64
		{1AC5820C-303A-4C02-9940-0AB9931C3814}.DebugMT|x64.Build.0 = DebugMT|x64
		{1AC5820C-303A-4C02-9940-0AB9931C3814}.Release|Win32.ActiveCfg = Release|Win32
		{1AC5820C-303A-4C02-9940-0AB9931C3814}.Release|Win32.Build.0 = Release|Win32
		{1AC5820C-303A-4C02-9940-0AB9931C3814}.Release|x64.ActiveCfg = Release|Win32
		{1AC5820C-303A-4C02-9940-0AB9931C3814}.ReleaseA|Win32.ActiveCfg = Release|Win32
		{1AC5820C-303A-4C02-9940-0AB9931C3814}.ReleaseA|Win32.Build.0 = Release|Win32
		{1AC5820C-303A-4C02-9940-0AB9931C3814}.ReleaseA|x64.ActiveCfg = Release|Win32
		{1AC5820C-303A-4C02-9940-0AB9931C3814}.ReleaseMT|Win32.ActiveCfg = ReleaseMT|Win32
		{1AC5820C-303A-4C02-9940-0AB9931C3814}.ReleaseMT|Win32.Build.0 = ReleaseMT|Win32
		{1AC5820C-303A-4C02-9940-0AB9931C3814}.ReleaseMT|x64.ActiveCfg = ReleaseMT|x64
		{1AC5820C-303A-4C02-9940-0AB9931C3814}.ReleaseMT|x64.Build.0 = ReleaseMT|x64
		{1AC5820C-303A-4C02-9940-0AB9931C3814}.SDebug|Win32.ActiveCfg = Debug|Win32
		{1AC5820C-303A-4C02-9940-0AB9931C3814}.SDebug|Win32.Build.0 = Debug|Win32
		{1AC5820C-303A-4C02-9940-0AB9931C3814}.SDebug|x64.ActiveCfg = DebugMT|x64
		{1AC5820C-303A-4C02-9940-0AB9931C3814}.SDebugA|Win32.ActiveCfg = Debug|Win32
		{1AC5820C-303A-4C02-9940-0AB9931C3814}.SDebugA|Win32.Build.0 = Debug|Win32
		{1AC5820C-303A-4C02-9940-0AB9931C3814}.SDebugA|x64.ActiveCfg = Debug|Win32
		{1AC5820C-303A-4C02-9940-0AB9931C3814}.SRelease|Win32.ActiveCfg = Release|Win32
		{1AC5820C-303A-4C02-9940-0AB9931C3814}.SRelease|Win32.Build.0 = Release|Win32
		{1AC5820C-303A-4C02-9940-0AB9931C3814}.SRelease|x64.ActiveCfg = Release|Win32
		{1AC5820C-303A-4C02-9940-0AB9931C3814}.SReleaseA|Win32.ActiveCfg = Release|Win32
		{1AC5820C-303A-4C02-9940-0AB9931C3814}.SReleaseA|Win32.Build.0 = Release|Win32
		{1AC5820C-303A-4C02-9940-0AB9931C3814}.SReleaseA|x64.ActiveCfg = Release|Win32
		{1D6766B1-038B-40D8-8797-DC2C4FE92D94}.Debug|Win32.ActiveCfg = Debug|Win32
		{1D6766B1-038B-40D8-8797-DC2C4FE92D94}.Debug|Win32.Build.0 = Debug|Win32
		{1D6766B1-038B-40D8-8797-DC2C4FE92D94}.Debug|x64.ActiveCfg = Debug|Win32
		{1D6766B1-038B-40D8-8797-DC2C4FE92D94}.DebugA|Win32.ActiveCfg = Debug|Win32
		{1D6766B1-038B-40D8-8797-DC2C4FE92D94}.DebugA|Win32.Build.0 = Debug|Win32
		{1D6766B1-038B-40D8-8797-DC2C4FE92D94}.DebugA|x64.ActiveCfg = Debug|Win32
		{1D6766B1-038B-40D8-8797-DC2C4FE92D94}.DebugMT|Win32.ActiveCfg = Debug|Win32
		{1D6766B1-038B-40D8-8797-DC2C4FE92D94}.DebugMT|Win32.Build.0 = Debug|Win32
		{1D6766B1-038B-40D8-8797-DC2C4FE92D94}.DebugMT|x64.ActiveCfg = Debug|Win32
		{1D6766B1-038B-40D8-8797-DC2C4FE92D94}.Release|Win32.ActiveCfg = Release|Win32
		{1D6766B1-038B-40D8-8797-DC2C4FE92D94}.Release|Win32.Build.0 = Release|Win32
		{1D6766B1-038B-40D8-8797-DC2C4FE92D94}.Release|x64.ActiveCfg = Release|Win32
		{1D6766B1-038B-40D8-8797-DC2C4FE92D94}.ReleaseA|Win32.ActiveCfg = Release|Win32
		{1D6766B1-038B-40D8-8797-DC2C4FE92D94}.ReleaseA|Win32.Build.0 = Release|Win32
		{1D6766B1-038B-40D8-8797-DC2C4FE92D94}.ReleaseA|x64.ActiveCfg = Release|Win32
		{1D6766B1-038B-40D8-8797-DC2C4FE92D94}.ReleaseMT|Win32.ActiveCfg = Release|Win32
		{1D6766B1-038B-40D8-8797-DC2C4FE92D94}.ReleaseMT|Win32.Build.0 = Release|Win32
		{1D6766B1-038B-40D8-8797-DC2C4FE92D94}.ReleaseMT|x64.ActiveCfg = Release|Win32
		{1D6766B1-038B-40D8-8797-DC2C4FE92D94}.SDebug|Win32.ActiveCfg = Debug|Win32
		{1D6766B1-038B-40D8-8797-DC2C4FE92D94}.SDebug|Win32.Build.0 = Debug|Win32
		{1D6766B1-038B-40D8-8797-DC2C4FE92D94}.SDebug|x64.ActiveCfg = Debug|Win32
		{1D6766B1-038B-40D8-8797-DC2C4FE92D94}.SDebugA|Win32.ActiveCfg = Debug|Win32
		{1D6766B1-038B-40D8-8797-DC2C4FE92D94}.SDebugA|Win32.Build.0 = Debug|Win32
		{1D6766B1-038B-40D8-8797-DC2C4FE92D94}.SDebugA|x64.ActiveCfg = Debug|Win32
		{1D6766B1-038B-40D8-8797-DC2C4FE92D94}.SRelease|Win32.ActiveCfg = Release|Win32
		{1D6766B1-038B-40D8-8797-DC2C4FE92D94}.SRelease|Win32.Build.0 = Release|Win32
		{1D6766B1-038B-40D8-8797-DC2C4FE92D94}.SRelease|x64.ActiveCfg = Release|Win32
		{1D6766B1-038B-40D8-8797-DC2C4FE92D94}.SReleaseA|Win32.ActiveCfg = Release|Win32
		{1D6766B1-038B-40D8-8797-DC2C4FE92D94}.SReleaseA|Win32.Build.0 = Release|Win32
		{1D6766B1-038B-40D8-8797-DC2C4FE92D94}.SReleaseA|x64.ActiveCfg = Release|Win32
	EndGlobalSection
	GlobalSection(SolutionProperties) = preSolution
		HideSolutionNode = FALSE
	EndGlobalSection
EndGlobal
