<?xml version="1.0" encoding="utf-8"?>
<Project ToolsVersion="4.0" xmlns="http://schemas.microsoft.com/developer/msbuild/2003">
  <ItemGroup>
    <Filter Include="源文件">
      <UniqueIdentifier>{ba3a35bc-f217-4980-a604-7de0dc21a052}</UniqueIdentifier>
    </Filter>
    <Filter Include="生成的文件">
      <UniqueIdentifier>{6101937a-6dc8-4e93-892d-d4d7934ccda5}</UniqueIdentifier>
      <SourceControlFiles>False</SourceControlFiles>
    </Filter>
  </ItemGroup>
  <ItemGroup>
    <None Include="JCDeskBandps.def" />
  </ItemGroup>
  <ItemGroup>
    <ClCompile Include="JCDeskBand_i.c">
      <Filter>生成的文件</Filter>
    </ClCompile>
    <ClCompile Include="JCDeskBand_p.c">
      <Filter>生成的文件</Filter>
    </ClCompile>
    <ClCompile Include="dlldata.c">
      <Filter>生成的文件</Filter>
    </ClCompile>
  </ItemGroup>
</Project>